
Microsoft Visual Studio Solution File, Format Version 12.00
# Visual Studio Version 17
VisualStudioVersion = 17.5.2.0
MinimumVisualStudioVersion = 10.0.40219.1
Project("{FAE04EC0-301F-11D3-BF4B-00C04F79EFBC}") = "VelloSharp", "VelloSharp\VelloSharp.csproj", "{A6855173-D686-FAD5-7BAC-84EE02FB9446}"
EndProject
Project("{FAE04EC0-301F-11D3-BF4B-00C04F79EFBC}") = "VelloSharp.Integration", "VelloSharp.Integration\VelloSharp.Integration.csproj", "{EADEB67B-A2D4-E3B8-089A-777AB503D0CD}"
EndProject
Project("{2150E333-8FDC-42A3-9474-1A3956D46DE8}") = "samples", "samples", "{5D20AA90-6969-D8BD-9DCD-8634F4692FDA}"
EndProject
Project("{FAE04EC0-301F-11D3-BF4B-00C04F79EFBC}") = "AvaloniaVelloDemo", "samples\AvaloniaVelloDemo\AvaloniaVelloDemo.csproj", "{3BE1A3A8-F1AB-8EF7-8CAC-BF350D50EC91}"
EndProject
Project("{2150E333-8FDC-42A3-9474-1A3956D46DE8}") = "packaging", "packaging", "{E927F87B-A585-A586-52B2-1371051E189F}"
EndProject
Project("{FAE04EC0-301F-11D3-BF4B-00C04F79EFBC}") = "VelloSharp.Native.android-arm64", "packaging\VelloSharp.Native.android-arm64\VelloSharp.Native.android-arm64.csproj", "{DB2B3F8A-5A6C-410D-9DC0-BE4342187A85}"
EndProject
Project("{FAE04EC0-301F-11D3-BF4B-00C04F79EFBC}") = "VelloSharp.Native.browser-wasm", "packaging\VelloSharp.Native.browser-wasm\VelloSharp.Native.browser-wasm.csproj", "{EFAA09A9-A8EE-4140-B2EB-B35A6DFF55DF}"
EndProject
Project("{FAE04EC0-301F-11D3-BF4B-00C04F79EFBC}") = "VelloSharp.Native.ios-arm64", "packaging\VelloSharp.Native.ios-arm64\VelloSharp.Native.ios-arm64.csproj", "{BAD2AC99-F76F-4F05-9A93-D7C35B1868D7}"
EndProject
Project("{FAE04EC0-301F-11D3-BF4B-00C04F79EFBC}") = "VelloSharp.Native.iossimulator-x64", "packaging\VelloSharp.Native.iossimulator-x64\VelloSharp.Native.iossimulator-x64.csproj", "{FF5970A9-EFB5-45D9-B843-BA3DA5A1CA5F}"
EndProject
Project("{FAE04EC0-301F-11D3-BF4B-00C04F79EFBC}") = "VelloSharp.Native.linux-arm64", "packaging\VelloSharp.Native.linux-arm64\VelloSharp.Native.linux-arm64.csproj", "{14AEA24C-74F7-4F53-BF3F-A2C33BDFDE3E}"
EndProject
Project("{FAE04EC0-301F-11D3-BF4B-00C04F79EFBC}") = "VelloSharp.Native.linux-x64", "packaging\VelloSharp.Native.linux-x64\VelloSharp.Native.linux-x64.csproj", "{1BE32C80-D1AE-4223-A09D-A5339E90EACD}"
EndProject
Project("{FAE04EC0-301F-11D3-BF4B-00C04F79EFBC}") = "VelloSharp.Native.osx-arm64", "packaging\VelloSharp.Native.osx-arm64\VelloSharp.Native.osx-arm64.csproj", "{252C5FE3-EF38-48D0-A7DD-DFBFC7E89354}"
EndProject
Project("{FAE04EC0-301F-11D3-BF4B-00C04F79EFBC}") = "VelloSharp.Native.osx-x64", "packaging\VelloSharp.Native.osx-x64\VelloSharp.Native.osx-x64.csproj", "{796CA62C-EC79-42BE-B79F-BC3FE8838BF7}"
EndProject
Project("{FAE04EC0-301F-11D3-BF4B-00C04F79EFBC}") = "VelloSharp.Native.win-arm64", "packaging\VelloSharp.Native.win-arm64\VelloSharp.Native.win-arm64.csproj", "{5A97446E-3674-4AB6-8242-DAFB940BE625}"
EndProject
Project("{FAE04EC0-301F-11D3-BF4B-00C04F79EFBC}") = "VelloSharp.Native.win-x64", "packaging\VelloSharp.Native.win-x64\VelloSharp.Native.win-x64.csproj", "{E7AA891E-31ED-4D49-A093-6A95FC8B0A26}"
EndProject
Project("{FAE04EC0-301F-11D3-BF4B-00C04F79EFBC}") = "VelloSharp.WithWinit", "samples\VelloSharp.WithWinit\VelloSharp.WithWinit.csproj", "{53AED23F-5B02-4EA4-AE14-B177A9737C6B}"
EndProject
Project("{FAE04EC0-301F-11D3-BF4B-00C04F79EFBC}") = "VelloSharp.Avalonia.Winit", "VelloSharp.Avalonia.Winit\VelloSharp.Avalonia.Winit.csproj", "{7FB2201E-6B90-4DE7-AD2B-1F78D104DE5B}"
EndProject
Project("{FAE04EC0-301F-11D3-BF4B-00C04F79EFBC}") = "AvaloniaWinitDemo", "samples\AvaloniaWinitDemo\AvaloniaWinitDemo.csproj", "{7EAE5920-DEA0-496E-92C1-C7149A0CFBF4}"
EndProject
Project("{FAE04EC0-301F-11D3-BF4B-00C04F79EFBC}") = "VelloSharp.Avalonia.Vello", "VelloSharp.Avalonia.Vello\VelloSharp.Avalonia.Vello.csproj", "{B04D99A9-AC84-4D05-8EE2-A9B6324C7E9A}"
EndProject
Project("{FAE04EC0-301F-11D3-BF4B-00C04F79EFBC}") = "AvaloniaSkiaMotionMark", "samples\AvaloniaSkiaMotionMark\AvaloniaSkiaMotionMark.csproj", "{9977DD22-B079-40DA-BBC6-D41E75B2369C}"
EndProject
Project("{FAE04EC0-301F-11D3-BF4B-00C04F79EFBC}") = "VelloSharp.Skia", "VelloSharp.Skia\VelloSharp.Skia.csproj", "{3F6047E9-C733-463E-8EDF-75D2931A3429}"
EndProject
Project("{FAE04EC0-301F-11D3-BF4B-00C04F79EFBC}") = "AvaloniaSkiaMotionMarkShim", "samples\AvaloniaSkiaMotionMarkShim\AvaloniaSkiaMotionMarkShim.csproj", "{D88E3091-7BDE-4266-AAE4-0905A2F0C87C}"
EndProject
Project("{FAE04EC0-301F-11D3-BF4B-00C04F79EFBC}") = "VelloSharp.Rendering", "VelloSharp.Rendering\VelloSharp.Rendering.csproj", "{D7212D47-0977-4E98-8786-EE1BF3C8F88C}"
EndProject
Project("{FAE04EC0-301F-11D3-BF4B-00C04F79EFBC}") = "HarfBuzzSharp", "HarfBuzzSharp\HarfBuzzSharp.csproj", "{A8E797BF-697D-4AF1-A073-63F1B781A36B}"
EndProject
Project("{2150E333-8FDC-42A3-9474-1A3956D46DE8}") = "tests", "tests", "{0AB3BF05-4346-4AA6-1389-037BE0695223}"
EndProject
Project("{FAE04EC0-301F-11D3-BF4B-00C04F79EFBC}") = "VelloTextParityTests", "tests\VelloTextParityTests\VelloTextParityTests.csproj", "{3639541B-E393-4B8B-8B47-A69A5C3E7306}"
EndProject
Project("{FAE04EC0-301F-11D3-BF4B-00C04F79EFBC}") = "VelloSharp.Text", "VelloSharp.Text\VelloSharp.Text.csproj", "{56DD8E2B-7ACB-4B81-8FF3-38E5A71B5CCD}"
EndProject
Global
	GlobalSection(SolutionConfigurationPlatforms) = preSolution
		Debug|Any CPU = Debug|Any CPU
		Debug|x64 = Debug|x64
		Debug|x86 = Debug|x86
		Release|Any CPU = Release|Any CPU
		Release|x64 = Release|x64
		Release|x86 = Release|x86
	EndGlobalSection
	GlobalSection(ProjectConfigurationPlatforms) = postSolution
		{A6855173-D686-FAD5-7BAC-84EE02FB9446}.Debug|Any CPU.ActiveCfg = Debug|Any CPU
		{A6855173-D686-FAD5-7BAC-84EE02FB9446}.Debug|Any CPU.Build.0 = Debug|Any CPU
		{A6855173-D686-FAD5-7BAC-84EE02FB9446}.Debug|x64.ActiveCfg = Debug|Any CPU
		{A6855173-D686-FAD5-7BAC-84EE02FB9446}.Debug|x64.Build.0 = Debug|Any CPU
		{A6855173-D686-FAD5-7BAC-84EE02FB9446}.Debug|x86.ActiveCfg = Debug|Any CPU
		{A6855173-D686-FAD5-7BAC-84EE02FB9446}.Debug|x86.Build.0 = Debug|Any CPU
		{A6855173-D686-FAD5-7BAC-84EE02FB9446}.Release|Any CPU.ActiveCfg = Release|Any CPU
		{A6855173-D686-FAD5-7BAC-84EE02FB9446}.Release|Any CPU.Build.0 = Release|Any CPU
		{A6855173-D686-FAD5-7BAC-84EE02FB9446}.Release|x64.ActiveCfg = Release|Any CPU
		{A6855173-D686-FAD5-7BAC-84EE02FB9446}.Release|x64.Build.0 = Release|Any CPU
		{A6855173-D686-FAD5-7BAC-84EE02FB9446}.Release|x86.ActiveCfg = Release|Any CPU
		{A6855173-D686-FAD5-7BAC-84EE02FB9446}.Release|x86.Build.0 = Release|Any CPU
		{EADEB67B-A2D4-E3B8-089A-777AB503D0CD}.Debug|Any CPU.ActiveCfg = Debug|Any CPU
		{EADEB67B-A2D4-E3B8-089A-777AB503D0CD}.Debug|Any CPU.Build.0 = Debug|Any CPU
		{EADEB67B-A2D4-E3B8-089A-777AB503D0CD}.Debug|x64.ActiveCfg = Debug|Any CPU
		{EADEB67B-A2D4-E3B8-089A-777AB503D0CD}.Debug|x64.Build.0 = Debug|Any CPU
		{EADEB67B-A2D4-E3B8-089A-777AB503D0CD}.Debug|x86.ActiveCfg = Debug|Any CPU
		{EADEB67B-A2D4-E3B8-089A-777AB503D0CD}.Debug|x86.Build.0 = Debug|Any CPU
		{EADEB67B-A2D4-E3B8-089A-777AB503D0CD}.Release|Any CPU.ActiveCfg = Release|Any CPU
		{EADEB67B-A2D4-E3B8-089A-777AB503D0CD}.Release|Any CPU.Build.0 = Release|Any CPU
		{EADEB67B-A2D4-E3B8-089A-777AB503D0CD}.Release|x64.ActiveCfg = Release|Any CPU
		{EADEB67B-A2D4-E3B8-089A-777AB503D0CD}.Release|x64.Build.0 = Release|Any CPU
		{EADEB67B-A2D4-E3B8-089A-777AB503D0CD}.Release|x86.ActiveCfg = Release|Any CPU
		{EADEB67B-A2D4-E3B8-089A-777AB503D0CD}.Release|x86.Build.0 = Release|Any CPU
		{3BE1A3A8-F1AB-8EF7-8CAC-BF350D50EC91}.Debug|Any CPU.ActiveCfg = Debug|Any CPU
		{3BE1A3A8-F1AB-8EF7-8CAC-BF350D50EC91}.Debug|Any CPU.Build.0 = Debug|Any CPU
		{3BE1A3A8-F1AB-8EF7-8CAC-BF350D50EC91}.Debug|x64.ActiveCfg = Debug|Any CPU
		{3BE1A3A8-F1AB-8EF7-8CAC-BF350D50EC91}.Debug|x64.Build.0 = Debug|Any CPU
		{3BE1A3A8-F1AB-8EF7-8CAC-BF350D50EC91}.Debug|x86.ActiveCfg = Debug|Any CPU
		{3BE1A3A8-F1AB-8EF7-8CAC-BF350D50EC91}.Debug|x86.Build.0 = Debug|Any CPU
		{3BE1A3A8-F1AB-8EF7-8CAC-BF350D50EC91}.Release|Any CPU.ActiveCfg = Release|Any CPU
		{3BE1A3A8-F1AB-8EF7-8CAC-BF350D50EC91}.Release|Any CPU.Build.0 = Release|Any CPU
		{3BE1A3A8-F1AB-8EF7-8CAC-BF350D50EC91}.Release|x64.ActiveCfg = Release|Any CPU
		{3BE1A3A8-F1AB-8EF7-8CAC-BF350D50EC91}.Release|x64.Build.0 = Release|Any CPU
		{3BE1A3A8-F1AB-8EF7-8CAC-BF350D50EC91}.Release|x86.ActiveCfg = Release|Any CPU
		{3BE1A3A8-F1AB-8EF7-8CAC-BF350D50EC91}.Release|x86.Build.0 = Release|Any CPU
		{DB2B3F8A-5A6C-410D-9DC0-BE4342187A85}.Debug|Any CPU.ActiveCfg = Debug|Any CPU
		{DB2B3F8A-5A6C-410D-9DC0-BE4342187A85}.Debug|Any CPU.Build.0 = Debug|Any CPU
		{DB2B3F8A-5A6C-410D-9DC0-BE4342187A85}.Debug|x64.ActiveCfg = Debug|Any CPU
		{DB2B3F8A-5A6C-410D-9DC0-BE4342187A85}.Debug|x64.Build.0 = Debug|Any CPU
		{DB2B3F8A-5A6C-410D-9DC0-BE4342187A85}.Debug|x86.ActiveCfg = Debug|Any CPU
		{DB2B3F8A-5A6C-410D-9DC0-BE4342187A85}.Debug|x86.Build.0 = Debug|Any CPU
		{DB2B3F8A-5A6C-410D-9DC0-BE4342187A85}.Release|Any CPU.ActiveCfg = Release|Any CPU
		{DB2B3F8A-5A6C-410D-9DC0-BE4342187A85}.Release|Any CPU.Build.0 = Release|Any CPU
		{DB2B3F8A-5A6C-410D-9DC0-BE4342187A85}.Release|x64.ActiveCfg = Release|Any CPU
		{DB2B3F8A-5A6C-410D-9DC0-BE4342187A85}.Release|x64.Build.0 = Release|Any CPU
		{DB2B3F8A-5A6C-410D-9DC0-BE4342187A85}.Release|x86.ActiveCfg = Release|Any CPU
		{DB2B3F8A-5A6C-410D-9DC0-BE4342187A85}.Release|x86.Build.0 = Release|Any CPU
		{EFAA09A9-A8EE-4140-B2EB-B35A6DFF55DF}.Debug|Any CPU.ActiveCfg = Debug|Any CPU
		{EFAA09A9-A8EE-4140-B2EB-B35A6DFF55DF}.Debug|Any CPU.Build.0 = Debug|Any CPU
		{EFAA09A9-A8EE-4140-B2EB-B35A6DFF55DF}.Debug|x64.ActiveCfg = Debug|Any CPU
		{EFAA09A9-A8EE-4140-B2EB-B35A6DFF55DF}.Debug|x64.Build.0 = Debug|Any CPU
		{EFAA09A9-A8EE-4140-B2EB-B35A6DFF55DF}.Debug|x86.ActiveCfg = Debug|Any CPU
		{EFAA09A9-A8EE-4140-B2EB-B35A6DFF55DF}.Debug|x86.Build.0 = Debug|Any CPU
		{EFAA09A9-A8EE-4140-B2EB-B35A6DFF55DF}.Release|Any CPU.ActiveCfg = Release|Any CPU
		{EFAA09A9-A8EE-4140-B2EB-B35A6DFF55DF}.Release|Any CPU.Build.0 = Release|Any CPU
		{EFAA09A9-A8EE-4140-B2EB-B35A6DFF55DF}.Release|x64.ActiveCfg = Release|Any CPU
		{EFAA09A9-A8EE-4140-B2EB-B35A6DFF55DF}.Release|x64.Build.0 = Release|Any CPU
		{EFAA09A9-A8EE-4140-B2EB-B35A6DFF55DF}.Release|x86.ActiveCfg = Release|Any CPU
		{EFAA09A9-A8EE-4140-B2EB-B35A6DFF55DF}.Release|x86.Build.0 = Release|Any CPU
		{BAD2AC99-F76F-4F05-9A93-D7C35B1868D7}.Debug|Any CPU.ActiveCfg = Debug|Any CPU
		{BAD2AC99-F76F-4F05-9A93-D7C35B1868D7}.Debug|Any CPU.Build.0 = Debug|Any CPU
		{BAD2AC99-F76F-4F05-9A93-D7C35B1868D7}.Debug|x64.ActiveCfg = Debug|Any CPU
		{BAD2AC99-F76F-4F05-9A93-D7C35B1868D7}.Debug|x64.Build.0 = Debug|Any CPU
		{BAD2AC99-F76F-4F05-9A93-D7C35B1868D7}.Debug|x86.ActiveCfg = Debug|Any CPU
		{BAD2AC99-F76F-4F05-9A93-D7C35B1868D7}.Debug|x86.Build.0 = Debug|Any CPU
		{BAD2AC99-F76F-4F05-9A93-D7C35B1868D7}.Release|Any CPU.ActiveCfg = Release|Any CPU
		{BAD2AC99-F76F-4F05-9A93-D7C35B1868D7}.Release|Any CPU.Build.0 = Release|Any CPU
		{BAD2AC99-F76F-4F05-9A93-D7C35B1868D7}.Release|x64.ActiveCfg = Release|Any CPU
		{BAD2AC99-F76F-4F05-9A93-D7C35B1868D7}.Release|x64.Build.0 = Release|Any CPU
		{BAD2AC99-F76F-4F05-9A93-D7C35B1868D7}.Release|x86.ActiveCfg = Release|Any CPU
		{BAD2AC99-F76F-4F05-9A93-D7C35B1868D7}.Release|x86.Build.0 = Release|Any CPU
		{FF5970A9-EFB5-45D9-B843-BA3DA5A1CA5F}.Debug|Any CPU.ActiveCfg = Debug|Any CPU
		{FF5970A9-EFB5-45D9-B843-BA3DA5A1CA5F}.Debug|Any CPU.Build.0 = Debug|Any CPU
		{FF5970A9-EFB5-45D9-B843-BA3DA5A1CA5F}.Debug|x64.ActiveCfg = Debug|Any CPU
		{FF5970A9-EFB5-45D9-B843-BA3DA5A1CA5F}.Debug|x64.Build.0 = Debug|Any CPU
		{FF5970A9-EFB5-45D9-B843-BA3DA5A1CA5F}.Debug|x86.ActiveCfg = Debug|Any CPU
		{FF5970A9-EFB5-45D9-B843-BA3DA5A1CA5F}.Debug|x86.Build.0 = Debug|Any CPU
		{FF5970A9-EFB5-45D9-B843-BA3DA5A1CA5F}.Release|Any CPU.ActiveCfg = Release|Any CPU
		{FF5970A9-EFB5-45D9-B843-BA3DA5A1CA5F}.Release|Any CPU.Build.0 = Release|Any CPU
		{FF5970A9-EFB5-45D9-B843-BA3DA5A1CA5F}.Release|x64.ActiveCfg = Release|Any CPU
		{FF5970A9-EFB5-45D9-B843-BA3DA5A1CA5F}.Release|x64.Build.0 = Release|Any CPU
		{FF5970A9-EFB5-45D9-B843-BA3DA5A1CA5F}.Release|x86.ActiveCfg = Release|Any CPU
		{FF5970A9-EFB5-45D9-B843-BA3DA5A1CA5F}.Release|x86.Build.0 = Release|Any CPU
		{14AEA24C-74F7-4F53-BF3F-A2C33BDFDE3E}.Debug|Any CPU.ActiveCfg = Debug|Any CPU
		{14AEA24C-74F7-4F53-BF3F-A2C33BDFDE3E}.Debug|Any CPU.Build.0 = Debug|Any CPU
		{14AEA24C-74F7-4F53-BF3F-A2C33BDFDE3E}.Debug|x64.ActiveCfg = Debug|Any CPU
		{14AEA24C-74F7-4F53-BF3F-A2C33BDFDE3E}.Debug|x64.Build.0 = Debug|Any CPU
		{14AEA24C-74F7-4F53-BF3F-A2C33BDFDE3E}.Debug|x86.ActiveCfg = Debug|Any CPU
		{14AEA24C-74F7-4F53-BF3F-A2C33BDFDE3E}.Debug|x86.Build.0 = Debug|Any CPU
		{14AEA24C-74F7-4F53-BF3F-A2C33BDFDE3E}.Release|Any CPU.ActiveCfg = Release|Any CPU
		{14AEA24C-74F7-4F53-BF3F-A2C33BDFDE3E}.Release|Any CPU.Build.0 = Release|Any CPU
		{14AEA24C-74F7-4F53-BF3F-A2C33BDFDE3E}.Release|x64.ActiveCfg = Release|Any CPU
		{14AEA24C-74F7-4F53-BF3F-A2C33BDFDE3E}.Release|x64.Build.0 = Release|Any CPU
		{14AEA24C-74F7-4F53-BF3F-A2C33BDFDE3E}.Release|x86.ActiveCfg = Release|Any CPU
		{14AEA24C-74F7-4F53-BF3F-A2C33BDFDE3E}.Release|x86.Build.0 = Release|Any CPU
		{1BE32C80-D1AE-4223-A09D-A5339E90EACD}.Debug|Any CPU.ActiveCfg = Debug|Any CPU
		{1BE32C80-D1AE-4223-A09D-A5339E90EACD}.Debug|Any CPU.Build.0 = Debug|Any CPU
		{1BE32C80-D1AE-4223-A09D-A5339E90EACD}.Debug|x64.ActiveCfg = Debug|Any CPU
		{1BE32C80-D1AE-4223-A09D-A5339E90EACD}.Debug|x64.Build.0 = Debug|Any CPU
		{1BE32C80-D1AE-4223-A09D-A5339E90EACD}.Debug|x86.ActiveCfg = Debug|Any CPU
		{1BE32C80-D1AE-4223-A09D-A5339E90EACD}.Debug|x86.Build.0 = Debug|Any CPU
		{1BE32C80-D1AE-4223-A09D-A5339E90EACD}.Release|Any CPU.ActiveCfg = Release|Any CPU
		{1BE32C80-D1AE-4223-A09D-A5339E90EACD}.Release|Any CPU.Build.0 = Release|Any CPU
		{1BE32C80-D1AE-4223-A09D-A5339E90EACD}.Release|x64.ActiveCfg = Release|Any CPU
		{1BE32C80-D1AE-4223-A09D-A5339E90EACD}.Release|x64.Build.0 = Release|Any CPU
		{1BE32C80-D1AE-4223-A09D-A5339E90EACD}.Release|x86.ActiveCfg = Release|Any CPU
		{1BE32C80-D1AE-4223-A09D-A5339E90EACD}.Release|x86.Build.0 = Release|Any CPU
		{252C5FE3-EF38-48D0-A7DD-DFBFC7E89354}.Debug|Any CPU.ActiveCfg = Debug|Any CPU
		{252C5FE3-EF38-48D0-A7DD-DFBFC7E89354}.Debug|Any CPU.Build.0 = Debug|Any CPU
		{252C5FE3-EF38-48D0-A7DD-DFBFC7E89354}.Debug|x64.ActiveCfg = Debug|Any CPU
		{252C5FE3-EF38-48D0-A7DD-DFBFC7E89354}.Debug|x64.Build.0 = Debug|Any CPU
		{252C5FE3-EF38-48D0-A7DD-DFBFC7E89354}.Debug|x86.ActiveCfg = Debug|Any CPU
		{252C5FE3-EF38-48D0-A7DD-DFBFC7E89354}.Debug|x86.Build.0 = Debug|Any CPU
		{252C5FE3-EF38-48D0-A7DD-DFBFC7E89354}.Release|Any CPU.ActiveCfg = Release|Any CPU
		{252C5FE3-EF38-48D0-A7DD-DFBFC7E89354}.Release|Any CPU.Build.0 = Release|Any CPU
		{252C5FE3-EF38-48D0-A7DD-DFBFC7E89354}.Release|x64.ActiveCfg = Release|Any CPU
		{252C5FE3-EF38-48D0-A7DD-DFBFC7E89354}.Release|x64.Build.0 = Release|Any CPU
		{252C5FE3-EF38-48D0-A7DD-DFBFC7E89354}.Release|x86.ActiveCfg = Release|Any CPU
		{252C5FE3-EF38-48D0-A7DD-DFBFC7E89354}.Release|x86.Build.0 = Release|Any CPU
		{796CA62C-EC79-42BE-B79F-BC3FE8838BF7}.Debug|Any CPU.ActiveCfg = Debug|Any CPU
		{796CA62C-EC79-42BE-B79F-BC3FE8838BF7}.Debug|Any CPU.Build.0 = Debug|Any CPU
		{796CA62C-EC79-42BE-B79F-BC3FE8838BF7}.Debug|x64.ActiveCfg = Debug|Any CPU
		{796CA62C-EC79-42BE-B79F-BC3FE8838BF7}.Debug|x64.Build.0 = Debug|Any CPU
		{796CA62C-EC79-42BE-B79F-BC3FE8838BF7}.Debug|x86.ActiveCfg = Debug|Any CPU
		{796CA62C-EC79-42BE-B79F-BC3FE8838BF7}.Debug|x86.Build.0 = Debug|Any CPU
		{796CA62C-EC79-42BE-B79F-BC3FE8838BF7}.Release|Any CPU.ActiveCfg = Release|Any CPU
		{796CA62C-EC79-42BE-B79F-BC3FE8838BF7}.Release|Any CPU.Build.0 = Release|Any CPU
		{796CA62C-EC79-42BE-B79F-BC3FE8838BF7}.Release|x64.ActiveCfg = Release|Any CPU
		{796CA62C-EC79-42BE-B79F-BC3FE8838BF7}.Release|x64.Build.0 = Release|Any CPU
		{796CA62C-EC79-42BE-B79F-BC3FE8838BF7}.Release|x86.ActiveCfg = Release|Any CPU
		{796CA62C-EC79-42BE-B79F-BC3FE8838BF7}.Release|x86.Build.0 = Release|Any CPU
		{5A97446E-3674-4AB6-8242-DAFB940BE625}.Debug|Any CPU.ActiveCfg = Debug|Any CPU
		{5A97446E-3674-4AB6-8242-DAFB940BE625}.Debug|Any CPU.Build.0 = Debug|Any CPU
		{5A97446E-3674-4AB6-8242-DAFB940BE625}.Debug|x64.ActiveCfg = Debug|Any CPU
		{5A97446E-3674-4AB6-8242-DAFB940BE625}.Debug|x64.Build.0 = Debug|Any CPU
		{5A97446E-3674-4AB6-8242-DAFB940BE625}.Debug|x86.ActiveCfg = Debug|Any CPU
		{5A97446E-3674-4AB6-8242-DAFB940BE625}.Debug|x86.Build.0 = Debug|Any CPU
		{5A97446E-3674-4AB6-8242-DAFB940BE625}.Release|Any CPU.ActiveCfg = Release|Any CPU
		{5A97446E-3674-4AB6-8242-DAFB940BE625}.Release|Any CPU.Build.0 = Release|Any CPU
		{5A97446E-3674-4AB6-8242-DAFB940BE625}.Release|x64.ActiveCfg = Release|Any CPU
		{5A97446E-3674-4AB6-8242-DAFB940BE625}.Release|x64.Build.0 = Release|Any CPU
		{5A97446E-3674-4AB6-8242-DAFB940BE625}.Release|x86.ActiveCfg = Release|Any CPU
		{5A97446E-3674-4AB6-8242-DAFB940BE625}.Release|x86.Build.0 = Release|Any CPU
		{E7AA891E-31ED-4D49-A093-6A95FC8B0A26}.Debug|Any CPU.ActiveCfg = Debug|Any CPU
		{E7AA891E-31ED-4D49-A093-6A95FC8B0A26}.Debug|Any CPU.Build.0 = Debug|Any CPU
		{E7AA891E-31ED-4D49-A093-6A95FC8B0A26}.Debug|x64.ActiveCfg = Debug|Any CPU
		{E7AA891E-31ED-4D49-A093-6A95FC8B0A26}.Debug|x64.Build.0 = Debug|Any CPU
		{E7AA891E-31ED-4D49-A093-6A95FC8B0A26}.Debug|x86.ActiveCfg = Debug|Any CPU
		{E7AA891E-31ED-4D49-A093-6A95FC8B0A26}.Debug|x86.Build.0 = Debug|Any CPU
		{E7AA891E-31ED-4D49-A093-6A95FC8B0A26}.Release|Any CPU.ActiveCfg = Release|Any CPU
		{E7AA891E-31ED-4D49-A093-6A95FC8B0A26}.Release|Any CPU.Build.0 = Release|Any CPU
		{E7AA891E-31ED-4D49-A093-6A95FC8B0A26}.Release|x64.ActiveCfg = Release|Any CPU
		{E7AA891E-31ED-4D49-A093-6A95FC8B0A26}.Release|x64.Build.0 = Release|Any CPU
		{E7AA891E-31ED-4D49-A093-6A95FC8B0A26}.Release|x86.ActiveCfg = Release|Any CPU
		{E7AA891E-31ED-4D49-A093-6A95FC8B0A26}.Release|x86.Build.0 = Release|Any CPU
		{53AED23F-5B02-4EA4-AE14-B177A9737C6B}.Debug|Any CPU.ActiveCfg = Debug|Any CPU
		{53AED23F-5B02-4EA4-AE14-B177A9737C6B}.Debug|Any CPU.Build.0 = Debug|Any CPU
		{53AED23F-5B02-4EA4-AE14-B177A9737C6B}.Debug|x64.ActiveCfg = Debug|Any CPU
		{53AED23F-5B02-4EA4-AE14-B177A9737C6B}.Debug|x64.Build.0 = Debug|Any CPU
		{53AED23F-5B02-4EA4-AE14-B177A9737C6B}.Debug|x86.ActiveCfg = Debug|Any CPU
		{53AED23F-5B02-4EA4-AE14-B177A9737C6B}.Debug|x86.Build.0 = Debug|Any CPU
		{53AED23F-5B02-4EA4-AE14-B177A9737C6B}.Release|Any CPU.ActiveCfg = Release|Any CPU
		{53AED23F-5B02-4EA4-AE14-B177A9737C6B}.Release|Any CPU.Build.0 = Release|Any CPU
		{53AED23F-5B02-4EA4-AE14-B177A9737C6B}.Release|x64.ActiveCfg = Release|Any CPU
		{53AED23F-5B02-4EA4-AE14-B177A9737C6B}.Release|x64.Build.0 = Release|Any CPU
		{53AED23F-5B02-4EA4-AE14-B177A9737C6B}.Release|x86.ActiveCfg = Release|Any CPU
		{53AED23F-5B02-4EA4-AE14-B177A9737C6B}.Release|x86.Build.0 = Release|Any CPU
		{7FB2201E-6B90-4DE7-AD2B-1F78D104DE5B}.Debug|Any CPU.ActiveCfg = Debug|Any CPU
		{7FB2201E-6B90-4DE7-AD2B-1F78D104DE5B}.Debug|Any CPU.Build.0 = Debug|Any CPU
		{7FB2201E-6B90-4DE7-AD2B-1F78D104DE5B}.Debug|x64.ActiveCfg = Debug|Any CPU
		{7FB2201E-6B90-4DE7-AD2B-1F78D104DE5B}.Debug|x64.Build.0 = Debug|Any CPU
		{7FB2201E-6B90-4DE7-AD2B-1F78D104DE5B}.Debug|x86.ActiveCfg = Debug|Any CPU
		{7FB2201E-6B90-4DE7-AD2B-1F78D104DE5B}.Debug|x86.Build.0 = Debug|Any CPU
		{7FB2201E-6B90-4DE7-AD2B-1F78D104DE5B}.Release|Any CPU.ActiveCfg = Release|Any CPU
		{7FB2201E-6B90-4DE7-AD2B-1F78D104DE5B}.Release|Any CPU.Build.0 = Release|Any CPU
		{7FB2201E-6B90-4DE7-AD2B-1F78D104DE5B}.Release|x64.ActiveCfg = Release|Any CPU
		{7FB2201E-6B90-4DE7-AD2B-1F78D104DE5B}.Release|x64.Build.0 = Release|Any CPU
		{7FB2201E-6B90-4DE7-AD2B-1F78D104DE5B}.Release|x86.ActiveCfg = Release|Any CPU
		{7FB2201E-6B90-4DE7-AD2B-1F78D104DE5B}.Release|x86.Build.0 = Release|Any CPU
		{7EAE5920-DEA0-496E-92C1-C7149A0CFBF4}.Debug|Any CPU.ActiveCfg = Debug|Any CPU
		{7EAE5920-DEA0-496E-92C1-C7149A0CFBF4}.Debug|Any CPU.Build.0 = Debug|Any CPU
		{7EAE5920-DEA0-496E-92C1-C7149A0CFBF4}.Debug|x64.ActiveCfg = Debug|Any CPU
		{7EAE5920-DEA0-496E-92C1-C7149A0CFBF4}.Debug|x64.Build.0 = Debug|Any CPU
		{7EAE5920-DEA0-496E-92C1-C7149A0CFBF4}.Debug|x86.ActiveCfg = Debug|Any CPU
		{7EAE5920-DEA0-496E-92C1-C7149A0CFBF4}.Debug|x86.Build.0 = Debug|Any CPU
		{7EAE5920-DEA0-496E-92C1-C7149A0CFBF4}.Release|Any CPU.ActiveCfg = Release|Any CPU
		{7EAE5920-DEA0-496E-92C1-C7149A0CFBF4}.Release|Any CPU.Build.0 = Release|Any CPU
		{7EAE5920-DEA0-496E-92C1-C7149A0CFBF4}.Release|x64.ActiveCfg = Release|Any CPU
		{7EAE5920-DEA0-496E-92C1-C7149A0CFBF4}.Release|x64.Build.0 = Release|Any CPU
		{7EAE5920-DEA0-496E-92C1-C7149A0CFBF4}.Release|x86.ActiveCfg = Release|Any CPU
		{7EAE5920-DEA0-496E-92C1-C7149A0CFBF4}.Release|x86.Build.0 = Release|Any CPU
		{B04D99A9-AC84-4D05-8EE2-A9B6324C7E9A}.Debug|Any CPU.ActiveCfg = Debug|Any CPU
		{B04D99A9-AC84-4D05-8EE2-A9B6324C7E9A}.Debug|Any CPU.Build.0 = Debug|Any CPU
		{B04D99A9-AC84-4D05-8EE2-A9B6324C7E9A}.Debug|x64.ActiveCfg = Debug|Any CPU
		{B04D99A9-AC84-4D05-8EE2-A9B6324C7E9A}.Debug|x64.Build.0 = Debug|Any CPU
		{B04D99A9-AC84-4D05-8EE2-A9B6324C7E9A}.Debug|x86.ActiveCfg = Debug|Any CPU
		{B04D99A9-AC84-4D05-8EE2-A9B6324C7E9A}.Debug|x86.Build.0 = Debug|Any CPU
		{B04D99A9-AC84-4D05-8EE2-A9B6324C7E9A}.Release|Any CPU.ActiveCfg = Release|Any CPU
		{B04D99A9-AC84-4D05-8EE2-A9B6324C7E9A}.Release|Any CPU.Build.0 = Release|Any CPU
		{B04D99A9-AC84-4D05-8EE2-A9B6324C7E9A}.Release|x64.ActiveCfg = Release|Any CPU
		{B04D99A9-AC84-4D05-8EE2-A9B6324C7E9A}.Release|x64.Build.0 = Release|Any CPU
		{B04D99A9-AC84-4D05-8EE2-A9B6324C7E9A}.Release|x86.ActiveCfg = Release|Any CPU
		{B04D99A9-AC84-4D05-8EE2-A9B6324C7E9A}.Release|x86.Build.0 = Release|Any CPU
		{9977DD22-B079-40DA-BBC6-D41E75B2369C}.Debug|Any CPU.ActiveCfg = Debug|Any CPU
		{9977DD22-B079-40DA-BBC6-D41E75B2369C}.Debug|Any CPU.Build.0 = Debug|Any CPU
		{9977DD22-B079-40DA-BBC6-D41E75B2369C}.Debug|x64.ActiveCfg = Debug|Any CPU
		{9977DD22-B079-40DA-BBC6-D41E75B2369C}.Debug|x64.Build.0 = Debug|Any CPU
		{9977DD22-B079-40DA-BBC6-D41E75B2369C}.Debug|x86.ActiveCfg = Debug|Any CPU
		{9977DD22-B079-40DA-BBC6-D41E75B2369C}.Debug|x86.Build.0 = Debug|Any CPU
		{9977DD22-B079-40DA-BBC6-D41E75B2369C}.Release|Any CPU.ActiveCfg = Release|Any CPU
		{9977DD22-B079-40DA-BBC6-D41E75B2369C}.Release|Any CPU.Build.0 = Release|Any CPU
		{9977DD22-B079-40DA-BBC6-D41E75B2369C}.Release|x64.ActiveCfg = Release|Any CPU
		{9977DD22-B079-40DA-BBC6-D41E75B2369C}.Release|x64.Build.0 = Release|Any CPU
		{9977DD22-B079-40DA-BBC6-D41E75B2369C}.Release|x86.ActiveCfg = Release|Any CPU
		{9977DD22-B079-40DA-BBC6-D41E75B2369C}.Release|x86.Build.0 = Release|Any CPU
		{3F6047E9-C733-463E-8EDF-75D2931A3429}.Debug|Any CPU.ActiveCfg = Debug|Any CPU
		{3F6047E9-C733-463E-8EDF-75D2931A3429}.Debug|Any CPU.Build.0 = Debug|Any CPU
		{3F6047E9-C733-463E-8EDF-75D2931A3429}.Debug|x64.ActiveCfg = Debug|Any CPU
		{3F6047E9-C733-463E-8EDF-75D2931A3429}.Debug|x64.Build.0 = Debug|Any CPU
		{3F6047E9-C733-463E-8EDF-75D2931A3429}.Debug|x86.ActiveCfg = Debug|Any CPU
		{3F6047E9-C733-463E-8EDF-75D2931A3429}.Debug|x86.Build.0 = Debug|Any CPU
		{3F6047E9-C733-463E-8EDF-75D2931A3429}.Release|Any CPU.ActiveCfg = Release|Any CPU
		{3F6047E9-C733-463E-8EDF-75D2931A3429}.Release|Any CPU.Build.0 = Release|Any CPU
		{3F6047E9-C733-463E-8EDF-75D2931A3429}.Release|x64.ActiveCfg = Release|Any CPU
		{3F6047E9-C733-463E-8EDF-75D2931A3429}.Release|x64.Build.0 = Release|Any CPU
		{3F6047E9-C733-463E-8EDF-75D2931A3429}.Release|x86.ActiveCfg = Release|Any CPU
		{3F6047E9-C733-463E-8EDF-75D2931A3429}.Release|x86.Build.0 = Release|Any CPU
		{D88E3091-7BDE-4266-AAE4-0905A2F0C87C}.Debug|Any CPU.ActiveCfg = Debug|Any CPU
		{D88E3091-7BDE-4266-AAE4-0905A2F0C87C}.Debug|Any CPU.Build.0 = Debug|Any CPU
		{D88E3091-7BDE-4266-AAE4-0905A2F0C87C}.Debug|x64.ActiveCfg = Debug|Any CPU
		{D88E3091-7BDE-4266-AAE4-0905A2F0C87C}.Debug|x64.Build.0 = Debug|Any CPU
		{D88E3091-7BDE-4266-AAE4-0905A2F0C87C}.Debug|x86.ActiveCfg = Debug|Any CPU
		{D88E3091-7BDE-4266-AAE4-0905A2F0C87C}.Debug|x86.Build.0 = Debug|Any CPU
		{D88E3091-7BDE-4266-AAE4-0905A2F0C87C}.Release|Any CPU.ActiveCfg = Release|Any CPU
		{D88E3091-7BDE-4266-AAE4-0905A2F0C87C}.Release|Any CPU.Build.0 = Release|Any CPU
		{D88E3091-7BDE-4266-AAE4-0905A2F0C87C}.Release|x64.ActiveCfg = Release|Any CPU
		{D88E3091-7BDE-4266-AAE4-0905A2F0C87C}.Release|x64.Build.0 = Release|Any CPU
		{D88E3091-7BDE-4266-AAE4-0905A2F0C87C}.Release|x86.ActiveCfg = Release|Any CPU
		{D88E3091-7BDE-4266-AAE4-0905A2F0C87C}.Release|x86.Build.0 = Release|Any CPU
		{D7212D47-0977-4E98-8786-EE1BF3C8F88C}.Debug|Any CPU.ActiveCfg = Debug|Any CPU
		{D7212D47-0977-4E98-8786-EE1BF3C8F88C}.Debug|Any CPU.Build.0 = Debug|Any CPU
		{D7212D47-0977-4E98-8786-EE1BF3C8F88C}.Debug|x64.ActiveCfg = Debug|Any CPU
		{D7212D47-0977-4E98-8786-EE1BF3C8F88C}.Debug|x64.Build.0 = Debug|Any CPU
		{D7212D47-0977-4E98-8786-EE1BF3C8F88C}.Debug|x86.ActiveCfg = Debug|Any CPU
		{D7212D47-0977-4E98-8786-EE1BF3C8F88C}.Debug|x86.Build.0 = Debug|Any CPU
		{D7212D47-0977-4E98-8786-EE1BF3C8F88C}.Release|Any CPU.ActiveCfg = Release|Any CPU
		{D7212D47-0977-4E98-8786-EE1BF3C8F88C}.Release|Any CPU.Build.0 = Release|Any CPU
		{D7212D47-0977-4E98-8786-EE1BF3C8F88C}.Release|x64.ActiveCfg = Release|Any CPU
		{D7212D47-0977-4E98-8786-EE1BF3C8F88C}.Release|x64.Build.0 = Release|Any CPU
		{D7212D47-0977-4E98-8786-EE1BF3C8F88C}.Release|x86.ActiveCfg = Release|Any CPU
		{D7212D47-0977-4E98-8786-EE1BF3C8F88C}.Release|x86.Build.0 = Release|Any CPU
		{A8E797BF-697D-4AF1-A073-63F1B781A36B}.Debug|Any CPU.ActiveCfg = Debug|Any CPU
		{A8E797BF-697D-4AF1-A073-63F1B781A36B}.Debug|Any CPU.Build.0 = Debug|Any CPU
		{A8E797BF-697D-4AF1-A073-63F1B781A36B}.Debug|x64.ActiveCfg = Debug|Any CPU
		{A8E797BF-697D-4AF1-A073-63F1B781A36B}.Debug|x64.Build.0 = Debug|Any CPU
		{A8E797BF-697D-4AF1-A073-63F1B781A36B}.Debug|x86.ActiveCfg = Debug|Any CPU
		{A8E797BF-697D-4AF1-A073-63F1B781A36B}.Debug|x86.Build.0 = Debug|Any CPU
		{A8E797BF-697D-4AF1-A073-63F1B781A36B}.Release|Any CPU.ActiveCfg = Release|Any CPU
		{A8E797BF-697D-4AF1-A073-63F1B781A36B}.Release|Any CPU.Build.0 = Release|Any CPU
		{A8E797BF-697D-4AF1-A073-63F1B781A36B}.Release|x64.ActiveCfg = Release|Any CPU
		{A8E797BF-697D-4AF1-A073-63F1B781A36B}.Release|x64.Build.0 = Release|Any CPU
		{A8E797BF-697D-4AF1-A073-63F1B781A36B}.Release|x86.ActiveCfg = Release|Any CPU
		{A8E797BF-697D-4AF1-A073-63F1B781A36B}.Release|x86.Build.0 = Release|Any CPU
		{3639541B-E393-4B8B-8B47-A69A5C3E7306}.Debug|Any CPU.ActiveCfg = Debug|Any CPU
		{3639541B-E393-4B8B-8B47-A69A5C3E7306}.Debug|Any CPU.Build.0 = Debug|Any CPU
		{3639541B-E393-4B8B-8B47-A69A5C3E7306}.Debug|x64.ActiveCfg = Debug|Any CPU
		{3639541B-E393-4B8B-8B47-A69A5C3E7306}.Debug|x64.Build.0 = Debug|Any CPU
		{3639541B-E393-4B8B-8B47-A69A5C3E7306}.Debug|x86.ActiveCfg = Debug|Any CPU
		{3639541B-E393-4B8B-8B47-A69A5C3E7306}.Debug|x86.Build.0 = Debug|Any CPU
		{3639541B-E393-4B8B-8B47-A69A5C3E7306}.Release|Any CPU.ActiveCfg = Release|Any CPU
		{3639541B-E393-4B8B-8B47-A69A5C3E7306}.Release|Any CPU.Build.0 = Release|Any CPU
		{3639541B-E393-4B8B-8B47-A69A5C3E7306}.Release|x64.ActiveCfg = Release|Any CPU
		{3639541B-E393-4B8B-8B47-A69A5C3E7306}.Release|x64.Build.0 = Release|Any CPU
		{3639541B-E393-4B8B-8B47-A69A5C3E7306}.Release|x86.ActiveCfg = Release|Any CPU
		{3639541B-E393-4B8B-8B47-A69A5C3E7306}.Release|x86.Build.0 = Release|Any CPU
		{56DD8E2B-7ACB-4B81-8FF3-38E5A71B5CCD}.Debug|Any CPU.ActiveCfg = Debug|Any CPU
		{56DD8E2B-7ACB-4B81-8FF3-38E5A71B5CCD}.Debug|Any CPU.Build.0 = Debug|Any CPU
		{56DD8E2B-7ACB-4B81-8FF3-38E5A71B5CCD}.Debug|x64.ActiveCfg = Debug|Any CPU
		{56DD8E2B-7ACB-4B81-8FF3-38E5A71B5CCD}.Debug|x64.Build.0 = Debug|Any CPU
		{56DD8E2B-7ACB-4B81-8FF3-38E5A71B5CCD}.Debug|x86.ActiveCfg = Debug|Any CPU
		{56DD8E2B-7ACB-4B81-8FF3-38E5A71B5CCD}.Debug|x86.Build.0 = Debug|Any CPU
		{56DD8E2B-7ACB-4B81-8FF3-38E5A71B5CCD}.Release|Any CPU.ActiveCfg = Release|Any CPU
		{56DD8E2B-7ACB-4B81-8FF3-38E5A71B5CCD}.Release|Any CPU.Build.0 = Release|Any CPU
		{56DD8E2B-7ACB-4B81-8FF3-38E5A71B5CCD}.Release|x64.ActiveCfg = Release|Any CPU
		{56DD8E2B-7ACB-4B81-8FF3-38E5A71B5CCD}.Release|x64.Build.0 = Release|Any CPU
		{56DD8E2B-7ACB-4B81-8FF3-38E5A71B5CCD}.Release|x86.ActiveCfg = Release|Any CPU
		{56DD8E2B-7ACB-4B81-8FF3-38E5A71B5CCD}.Release|x86.Build.0 = Release|Any CPU
	EndGlobalSection
	GlobalSection(SolutionProperties) = preSolution
		HideSolutionNode = FALSE
	EndGlobalSection
	GlobalSection(NestedProjects) = preSolution
		{3BE1A3A8-F1AB-8EF7-8CAC-BF350D50EC91} = {5D20AA90-6969-D8BD-9DCD-8634F4692FDA}
		{DB2B3F8A-5A6C-410D-9DC0-BE4342187A85} = {E927F87B-A585-A586-52B2-1371051E189F}
		{EFAA09A9-A8EE-4140-B2EB-B35A6DFF55DF} = {E927F87B-A585-A586-52B2-1371051E189F}
		{BAD2AC99-F76F-4F05-9A93-D7C35B1868D7} = {E927F87B-A585-A586-52B2-1371051E189F}
		{FF5970A9-EFB5-45D9-B843-BA3DA5A1CA5F} = {E927F87B-A585-A586-52B2-1371051E189F}
		{14AEA24C-74F7-4F53-BF3F-A2C33BDFDE3E} = {E927F87B-A585-A586-52B2-1371051E189F}
		{1BE32C80-D1AE-4223-A09D-A5339E90EACD} = {E927F87B-A585-A586-52B2-1371051E189F}
		{252C5FE3-EF38-48D0-A7DD-DFBFC7E89354} = {E927F87B-A585-A586-52B2-1371051E189F}
		{796CA62C-EC79-42BE-B79F-BC3FE8838BF7} = {E927F87B-A585-A586-52B2-1371051E189F}
		{5A97446E-3674-4AB6-8242-DAFB940BE625} = {E927F87B-A585-A586-52B2-1371051E189F}
		{E7AA891E-31ED-4D49-A093-6A95FC8B0A26} = {E927F87B-A585-A586-52B2-1371051E189F}
		{53AED23F-5B02-4EA4-AE14-B177A9737C6B} = {5D20AA90-6969-D8BD-9DCD-8634F4692FDA}
		{7EAE5920-DEA0-496E-92C1-C7149A0CFBF4} = {5D20AA90-6969-D8BD-9DCD-8634F4692FDA}
		{9977DD22-B079-40DA-BBC6-D41E75B2369C} = {5D20AA90-6969-D8BD-9DCD-8634F4692FDA}
		{D88E3091-7BDE-4266-AAE4-0905A2F0C87C} = {5D20AA90-6969-D8BD-9DCD-8634F4692FDA}
		{3639541B-E393-4B8B-8B47-A69A5C3E7306} = {0AB3BF05-4346-4AA6-1389-037BE0695223}
	EndGlobalSection
	GlobalSection(ExtensibilityGlobals) = postSolution
		SolutionGuid = {9EADDE67-1C5D-4F2E-B34D-7DFC4CDE2BCF}
	EndGlobalSection
EndGlobal
