
Microsoft Visual Studio Solution File, Format Version 12.00
# Visual Studio Version 17
VisualStudioVersion = 17.5.2.0
MinimumVisualStudioVersion = 10.0.40219.1
Project("{FAE04EC0-301F-11D3-BF4B-00C04F79EFBC}") = "VelloSharp", "bindings\VelloSharp\VelloSharp.csproj", "{A6855173-D686-FAD5-7BAC-84EE02FB9446}"
EndProject
Project("{FAE04EC0-301F-11D3-BF4B-00C04F79EFBC}") = "VelloSharp.Integration", "bindings\VelloSharp.Integration\VelloSharp.Integration.csproj", "{EADEB67B-A2D4-E3B8-089A-777AB503D0CD}"
EndProject
Project("{2150E333-8FDC-42A3-9474-1A3956D46DE8}") = "bindings", "bindings", "{CA58B814-9F53-47BD-95B2-74A68310614A}"
EndProject
Project("{2150E333-8FDC-42A3-9474-1A3956D46DE8}") = "src", "src", "{1C7D0C3A-2EBF-414A-9268-2032A7D4D2CB}"
EndProject
Project("{2150E333-8FDC-42A3-9474-1A3956D46DE8}") = "samples", "samples", "{5D20AA90-6969-D8BD-9DCD-8634F4692FDA}"
EndProject
Project("{FAE04EC0-301F-11D3-BF4B-00C04F79EFBC}") = "VelloSharp.ChartEngine", "src\VelloSharp.ChartEngine\VelloSharp.ChartEngine.csproj", "{7A8BF8BD-EC53-4483-B5C0-59B0C36BD7D0}"
EndProject
Project("{FAE04EC0-301F-11D3-BF4B-00C04F79EFBC}") = "VelloSharp.ChartData", "src\VelloSharp.ChartData\VelloSharp.ChartData.csproj", "{B7F0F60D-C1B1-4112-85EA-129B08C61B2B}"
EndProject
Project("{FAE04EC0-301F-11D3-BF4B-00C04F79EFBC}") = "VelloSharp.ChartDiagnostics", "src\VelloSharp.ChartDiagnostics\VelloSharp.ChartDiagnostics.csproj", "{6EDFE614-8AC2-4BBB-B91F-2E24B1C4F5B5}"
EndProject
Project("{FAE04EC0-301F-11D3-BF4B-00C04F79EFBC}") = "VelloSharp.ChartRuntime", "src\VelloSharp.ChartRuntime\VelloSharp.ChartRuntime.csproj", "{E4496C52-901A-4645-BC4B-A9FBEF86C266}"
EndProject
Project("{FAE04EC0-301F-11D3-BF4B-00C04F79EFBC}") = "VelloSharp.Charting.Avalonia", "src\VelloSharp.Charting.Avalonia\VelloSharp.Charting.Avalonia.csproj", "{F5C0620A-44B6-4149-8BE6-85B25D952BA3}"
EndProject
Project("{FAE04EC0-301F-11D3-BF4B-00C04F79EFBC}") = "AvaloniaVelloCommon", "samples\AvaloniaVelloCommon\AvaloniaVelloCommon.csproj", "{DC03BCD4-A402-4D35-9BB7-09A6AAFD9920}"
EndProject
Project("{FAE04EC0-301F-11D3-BF4B-00C04F79EFBC}") = "VelloSharp.WithWinit", "samples\VelloSharp.WithWinit\VelloSharp.WithWinit.csproj", "{53AED23F-5B02-4EA4-AE14-B177A9737C6B}"
EndProject
Project("{FAE04EC0-301F-11D3-BF4B-00C04F79EFBC}") = "VelloSharp.Avalonia.Winit", "bindings\VelloSharp.Avalonia.Winit\VelloSharp.Avalonia.Winit.csproj", "{7FB2201E-6B90-4DE7-AD2B-1F78D104DE5B}"
EndProject
Project("{FAE04EC0-301F-11D3-BF4B-00C04F79EFBC}") = "AvaloniaVelloWinitDemo", "samples\AvaloniaVelloWinitDemo\AvaloniaVelloWinitDemo.csproj", "{7EAE5920-DEA0-496E-92C1-C7149A0CFBF4}"
EndProject
Project("{FAE04EC0-301F-11D3-BF4B-00C04F79EFBC}") = "VelloSharp.Avalonia.Vello", "bindings\VelloSharp.Avalonia.Vello\VelloSharp.Avalonia.Vello.csproj", "{B04D99A9-AC84-4D05-8EE2-A9B6324C7E9A}"
EndProject
Project("{FAE04EC0-301F-11D3-BF4B-00C04F79EFBC}") = "AvaloniaSkiaMotionMark", "samples\AvaloniaSkiaMotionMark\AvaloniaSkiaMotionMark.csproj", "{9977DD22-B079-40DA-BBC6-D41E75B2369C}"
EndProject
Project("{FAE04EC0-301F-11D3-BF4B-00C04F79EFBC}") = "AvaloniaSkiaMotionMarkShim", "samples\AvaloniaSkiaMotionMarkShim\AvaloniaSkiaMotionMarkShim.csproj", "{D88E3091-7BDE-4266-AAE4-0905A2F0C87C}"
EndProject
Project("{FAE04EC0-301F-11D3-BF4B-00C04F79EFBC}") = "VelloSharp.Rendering", "bindings\VelloSharp.Rendering\VelloSharp.Rendering.csproj", "{D7212D47-0977-4E98-8786-EE1BF3C8F88C}"
EndProject
Project("{FAE04EC0-301F-11D3-BF4B-00C04F79EFBC}") = "HarfBuzzSharp", "bindings\VelloSharp.HarfBuzzSharp\HarfBuzzSharp.csproj", "{A8E797BF-697D-4AF1-A073-63F1B781A36B}"
EndProject
Project("{2150E333-8FDC-42A3-9474-1A3956D46DE8}") = "tests", "tests", "{0AB3BF05-4346-4AA6-1389-037BE0695223}"
EndProject
Project("{FAE04EC0-301F-11D3-BF4B-00C04F79EFBC}") = "VelloTextParityTests", "tests\VelloTextParityTests\VelloTextParityTests.csproj", "{3639541B-E393-4B8B-8B47-A69A5C3E7306}"
EndProject
Project("{FAE04EC0-301F-11D3-BF4B-00C04F79EFBC}") = "VelloSharp.Skia.Gpu.Tests", "tests\VelloSharp.Skia.Gpu.Tests\VelloSharp.Skia.Gpu.Tests.csproj", "{42818C89-D00C-4431-8943-53884899A0AE}"
EndProject
Project("{FAE04EC0-301F-11D3-BF4B-00C04F79EFBC}") = "VelloSharp.Text", "bindings\VelloSharp.Text\VelloSharp.Text.csproj", "{56DD8E2B-7ACB-4B81-8FF3-38E5A71B5CCD}"
EndProject
Project("{FAE04EC0-301F-11D3-BF4B-00C04F79EFBC}") = "VelloSharp.Core", "bindings\VelloSharp.Core\VelloSharp.Core.csproj", "{4245A542-AF24-4D39-A0DE-E70C5B8CD920}"
EndProject
Project("{FAE04EC0-301F-11D3-BF4B-00C04F79EFBC}") = "VelloSharp.Skia.Core", "bindings\VelloSharp.Skia.Core\VelloSharp.Skia.Core.csproj", "{29E1EEDA-1D33-4277-B9C3-A53C31C08D2A}"
EndProject
Project("{FAE04EC0-301F-11D3-BF4B-00C04F79EFBC}") = "VelloSharp.Skia.Gpu", "bindings\VelloSharp.Skia.Gpu\VelloSharp.Skia.Gpu.csproj", "{82E139E0-1D87-4B84-A809-0EA28A447145}"
EndProject
Project("{FAE04EC0-301F-11D3-BF4B-00C04F79EFBC}") = "VelloSharp.Skia.Cpu", "bindings\VelloSharp.Skia.Cpu\VelloSharp.Skia.Cpu.csproj", "{3FA57F8E-A2E5-4476-B055-D15518893DA7}"
EndProject
Project("{FAE04EC0-301F-11D3-BF4B-00C04F79EFBC}") = "VelloSharp.Ffi.Core", "bindings\VelloSharp.Ffi.Core\VelloSharp.Ffi.Core.csproj", "{DA28D544-8CC6-4D37-91FA-F1FE68EF7E9C}"
EndProject
Project("{FAE04EC0-301F-11D3-BF4B-00C04F79EFBC}") = "VelloSharp.Ffi.Sparse", "bindings\VelloSharp.Ffi.Sparse\VelloSharp.Ffi.Sparse.csproj", "{3D906F36-B52D-44C3-959F-487EDB2C6320}"
EndProject
Project("{FAE04EC0-301F-11D3-BF4B-00C04F79EFBC}") = "VelloSharp.Ffi.Gpu", "bindings\VelloSharp.Ffi.Gpu\VelloSharp.Ffi.Gpu.csproj", "{1CBAEF6B-31BE-4696-8212-91E71FB4891E}"
EndProject
Project("{2150E333-8FDC-42A3-9474-1A3956D46DE8}") = "packaging", "packaging", "{E927F87B-A585-A586-52B2-1371051E189F}"
EndProject
Project("{FAE04EC0-301F-11D3-BF4B-00C04F79EFBC}") = "VelloSharp.Native.AccessKit", "packaging\VelloSharp.Native.AccessKit\VelloSharp.Native.AccessKit.csproj", "{C96071E5-69DB-45A9-A926-F0723E5E161B}"
EndProject
Project("{FAE04EC0-301F-11D3-BF4B-00C04F79EFBC}") = "VelloSharp.Native.Kurbo", "packaging\VelloSharp.Native.Kurbo\VelloSharp.Native.Kurbo.csproj", "{B1933589-0EFA-4732-99D0-45CA1F772F05}"
EndProject
Project("{FAE04EC0-301F-11D3-BF4B-00C04F79EFBC}") = "VelloSharp.Native.Peniko", "packaging\VelloSharp.Native.Peniko\VelloSharp.Native.Peniko.csproj", "{43266654-71AE-4EA2-A21C-799FBC3F5594}"
EndProject
Project("{FAE04EC0-301F-11D3-BF4B-00C04F79EFBC}") = "VelloSharp.Native.Vello", "packaging\VelloSharp.Native.Vello\VelloSharp.Native.Vello.csproj", "{7270A451-0A98-4796-BE9B-02E45C350CDD}"
EndProject
Project("{FAE04EC0-301F-11D3-BF4B-00C04F79EFBC}") = "VelloSharp.Native.VelloSparse", "packaging\VelloSharp.Native.VelloSparse\VelloSharp.Native.VelloSparse.csproj", "{23AC85A5-BEEA-4F1C-872D-A6ADA5F5459B}"
EndProject
Project("{FAE04EC0-301F-11D3-BF4B-00C04F79EFBC}") = "VelloSharp.Native.Winit", "packaging\VelloSharp.Native.Winit\VelloSharp.Native.Winit.csproj", "{726D6E6F-FA25-4AFE-9AB9-50ACC7659B8D}"
EndProject
Project("{FAE04EC0-301F-11D3-BF4B-00C04F79EFBC}") = "AvaloniaSkiaSparseMotionMarkShim", "samples\AvaloniaSkiaSparseMotionMarkShim\AvaloniaSkiaSparseMotionMarkShim.csproj", "{522BE540-DDAF-4745-A4AD-1CC700DB4B1C}"
EndProject
Project("{FAE04EC0-301F-11D3-BF4B-00C04F79EFBC}") = "VelloSharp.Gpu", "bindings\VelloSharp.Gpu\VelloSharp.Gpu.csproj", "{7765C0A2-AF60-43BA-94BB-9B07E478A2DC}"
EndProject
Project("{FAE04EC0-301F-11D3-BF4B-00C04F79EFBC}") = "VelloSharp.Integration.Skia", "bindings\VelloSharp.Integration.Skia\VelloSharp.Integration.Skia.csproj", "{92B64509-28E3-4425-B444-A8AF07410243}"
EndProject
Project("{FAE04EC0-301F-11D3-BF4B-00C04F79EFBC}") = "ControlCatalog", "samples\ControlCatalog\ControlCatalog.csproj", "{3B671B07-2374-4E26-984E-94A340BEC351}"
EndProject
Project("{FAE04EC0-301F-11D3-BF4B-00C04F79EFBC}") = "ControlSamples", "samples\SampleControls\ControlSamples.csproj", "{6B9833AE-4542-478A-B7F5-B3EBB8132CBA}"
EndProject
Project("{FAE04EC0-301F-11D3-BF4B-00C04F79EFBC}") = "ControlCatalog.NetCore", "samples\ControlCatalog.NetCore\ControlCatalog.NetCore.csproj", "{426F65E3-9C15-421A-B403-9A6012A5E5BD}"
EndProject
Project("{FAE04EC0-301F-11D3-BF4B-00C04F79EFBC}") = "AvaloniaVelloX11Demo", "samples\AvaloniaVelloX11Demo\AvaloniaVelloX11Demo.csproj", "{82FEAED1-EFAF-4F48-B069-814A26518271}"
EndProject
Project("{FAE04EC0-301F-11D3-BF4B-00C04F79EFBC}") = "AvaloniaVelloWin32Demo", "samples\AvaloniaVelloWin32Demo\AvaloniaVelloWin32Demo.csproj", "{72C52CE2-8B7D-47C2-BD22-D4B115B6CA43}"
EndProject
Project("{FAE04EC0-301F-11D3-BF4B-00C04F79EFBC}") = "AvaloniaVelloNativeDemo", "samples\AvaloniaVelloNativeDemo\AvaloniaVelloNativeDemo.csproj", "{F73F5D2C-C588-46E7-A6DC-F572D5A4F0B7}"
EndProject
Project("{FAE04EC0-301F-11D3-BF4B-00C04F79EFBC}") = "VelloSharp.Windows.Core", "bindings\VelloSharp.Windows.Core\VelloSharp.Windows.Core.csproj", "{71676F12-B074-4C67-9B80-9E271D855BDB}"
EndProject
Project("{FAE04EC0-301F-11D3-BF4B-00C04F79EFBC}") = "VelloSharp.WinForms.Core", "bindings\VelloSharp.WinForms.Core\VelloSharp.WinForms.Core.csproj", "{872CE38B-83BB-4080-A552-A93DA0E8A6C5}"
EndProject
Project("{FAE04EC0-301F-11D3-BF4B-00C04F79EFBC}") = "VelloSharp.Integration.WinForms", "bindings\VelloSharp.Integration.WinForms\VelloSharp.Integration.WinForms.csproj", "{9D32A5B8-B8C5-4FAF-8CE0-32D63168F228}"
EndProject
Project("{FAE04EC0-301F-11D3-BF4B-00C04F79EFBC}") = "VelloSharp.Integration.Wpf", "bindings\VelloSharp.Integration.Wpf\VelloSharp.Integration.Wpf.csproj", "{6FA38499-DF66-48F7-A662-62863C31440A}"
EndProject
Project("{FAE04EC0-301F-11D3-BF4B-00C04F79EFBC}") = "VelloSharp.WinForms.Tests", "tests\VelloSharp.WinForms.Tests\VelloSharp.WinForms.Tests.csproj", "{1CC6E740-B7A1-4EBE-ABED-D6DD148C10A1}"
EndProject
Project("{FAE04EC0-301F-11D3-BF4B-00C04F79EFBC}") = "MotionMark.SceneShared", "samples\MotionMark.SceneShared\MotionMark.SceneShared.csproj", "{69589FDE-5356-4871-89DC-E8EB93AEE886}"
EndProject
Project("{FAE04EC0-301F-11D3-BF4B-00C04F79EFBC}") = "WinFormsMotionMarkShim", "samples\WinFormsMotionMarkShim\WinFormsMotionMarkShim.csproj", "{FB811CE1-3B8B-46F3-8EA3-6EF801EF6F26}"
EndProject
Project("{FAE04EC0-301F-11D3-BF4B-00C04F79EFBC}") = "VelloSharp.WpfSample", "samples\VelloSharp.WpfSample\VelloSharp.WpfSample.csproj", "{83EFB20F-5451-442D-9988-567370B69345}"
EndProject
Project("{FAE04EC0-301F-11D3-BF4B-00C04F79EFBC}") = "VelloSharp.Charting.AvaloniaSample", "samples\VelloSharp.Charting.AvaloniaSample\VelloSharp.Charting.AvaloniaSample.csproj", "{1938567B-C0B6-4D8F-BC38-CB3476A41316}"
EndProject
Project("{FAE04EC0-301F-11D3-BF4B-00C04F79EFBC}") = "VelloSharp.Windows.Core.Tests", "tests\VelloSharp.Windows.Core.Tests\VelloSharp.Windows.Core.Tests.csproj", "{3434DCD5-45BB-4191-8343-B7BBAB76D7AC}"
EndProject
Project("{FAE04EC0-301F-11D3-BF4B-00C04F79EFBC}") = "VelloSharp.Uno", "bindings\VelloSharp.Uno\VelloSharp.Uno.csproj", "{0F3A7F5C-2509-4AE8-B37A-8B2DF9011BE0}"
EndProject
Project("{FAE04EC0-301F-11D3-BF4B-00C04F79EFBC}") = "VelloSharp.ChartRuntime.Windows", "src\VelloSharp.ChartRuntime.Windows\VelloSharp.ChartRuntime.Windows.csproj", "{F72003DE-F56E-4060-B584-DC8FEDADFAB1}"
EndProject
Project("{FAE04EC0-301F-11D3-BF4B-00C04F79EFBC}") = "VelloSharp.Charting.Wpf", "src\VelloSharp.Charting.Wpf\VelloSharp.Charting.Wpf.csproj", "{98B095BE-A447-4C51-B7EB-3BF73C86516D}"
EndProject
Project("{FAE04EC0-301F-11D3-BF4B-00C04F79EFBC}") = "VelloSharp.Charting.WinForms", "src\VelloSharp.Charting.WinForms\VelloSharp.Charting.WinForms.csproj", "{AF279B9E-58FE-4224-B23E-CADEB658A553}"
EndProject
Project("{FAE04EC0-301F-11D3-BF4B-00C04F79EFBC}") = "VelloSharp.Charting", "src\VelloSharp.Charting\VelloSharp.Charting.csproj", "{52F5C922-8D4D-41C4-98D2-C7DDFAB48183}"
EndProject
Project("{FAE04EC0-301F-11D3-BF4B-00C04F79EFBC}") = "VelloSharp.Charting.Tests", "tests\VelloSharp.Charting.Tests\VelloSharp.Charting.Tests.csproj", "{5E717A40-7446-49D1-9974-CE7FCA48BD7D}"
EndProject
Global
	GlobalSection(SolutionConfigurationPlatforms) = preSolution
		Debug|Any CPU = Debug|Any CPU
		Debug|x64 = Debug|x64
		Debug|x86 = Debug|x86
		Release|Any CPU = Release|Any CPU
		Release|x64 = Release|x64
		Release|x86 = Release|x86
	EndGlobalSection
	GlobalSection(ProjectConfigurationPlatforms) = postSolution
		{A6855173-D686-FAD5-7BAC-84EE02FB9446}.Debug|Any CPU.ActiveCfg = Debug|Any CPU
		{A6855173-D686-FAD5-7BAC-84EE02FB9446}.Debug|Any CPU.Build.0 = Debug|Any CPU
		{A6855173-D686-FAD5-7BAC-84EE02FB9446}.Debug|x64.ActiveCfg = Debug|Any CPU
		{A6855173-D686-FAD5-7BAC-84EE02FB9446}.Debug|x64.Build.0 = Debug|Any CPU
		{A6855173-D686-FAD5-7BAC-84EE02FB9446}.Debug|x86.ActiveCfg = Debug|Any CPU
		{A6855173-D686-FAD5-7BAC-84EE02FB9446}.Debug|x86.Build.0 = Debug|Any CPU
		{A6855173-D686-FAD5-7BAC-84EE02FB9446}.Release|Any CPU.ActiveCfg = Release|Any CPU
		{A6855173-D686-FAD5-7BAC-84EE02FB9446}.Release|Any CPU.Build.0 = Release|Any CPU
		{A6855173-D686-FAD5-7BAC-84EE02FB9446}.Release|x64.ActiveCfg = Release|Any CPU
		{A6855173-D686-FAD5-7BAC-84EE02FB9446}.Release|x64.Build.0 = Release|Any CPU
		{A6855173-D686-FAD5-7BAC-84EE02FB9446}.Release|x86.ActiveCfg = Release|Any CPU
		{A6855173-D686-FAD5-7BAC-84EE02FB9446}.Release|x86.Build.0 = Release|Any CPU
		{EADEB67B-A2D4-E3B8-089A-777AB503D0CD}.Debug|Any CPU.ActiveCfg = Debug|Any CPU
		{EADEB67B-A2D4-E3B8-089A-777AB503D0CD}.Debug|Any CPU.Build.0 = Debug|Any CPU
		{EADEB67B-A2D4-E3B8-089A-777AB503D0CD}.Debug|x64.ActiveCfg = Debug|Any CPU
		{EADEB67B-A2D4-E3B8-089A-777AB503D0CD}.Debug|x64.Build.0 = Debug|Any CPU
		{EADEB67B-A2D4-E3B8-089A-777AB503D0CD}.Debug|x86.ActiveCfg = Debug|Any CPU
		{EADEB67B-A2D4-E3B8-089A-777AB503D0CD}.Debug|x86.Build.0 = Debug|Any CPU
		{EADEB67B-A2D4-E3B8-089A-777AB503D0CD}.Release|Any CPU.ActiveCfg = Release|Any CPU
		{EADEB67B-A2D4-E3B8-089A-777AB503D0CD}.Release|Any CPU.Build.0 = Release|Any CPU
		{EADEB67B-A2D4-E3B8-089A-777AB503D0CD}.Release|x64.ActiveCfg = Release|Any CPU
		{EADEB67B-A2D4-E3B8-089A-777AB503D0CD}.Release|x64.Build.0 = Release|Any CPU
		{EADEB67B-A2D4-E3B8-089A-777AB503D0CD}.Release|x86.ActiveCfg = Release|Any CPU
		{EADEB67B-A2D4-E3B8-089A-777AB503D0CD}.Release|x86.Build.0 = Release|Any CPU
		{7A8BF8BD-EC53-4483-B5C0-59B0C36BD7D0}.Debug|Any CPU.ActiveCfg = Debug|Any CPU
		{7A8BF8BD-EC53-4483-B5C0-59B0C36BD7D0}.Debug|Any CPU.Build.0 = Debug|Any CPU
		{7A8BF8BD-EC53-4483-B5C0-59B0C36BD7D0}.Debug|x64.ActiveCfg = Debug|Any CPU
		{7A8BF8BD-EC53-4483-B5C0-59B0C36BD7D0}.Debug|x64.Build.0 = Debug|Any CPU
		{7A8BF8BD-EC53-4483-B5C0-59B0C36BD7D0}.Debug|x86.ActiveCfg = Debug|Any CPU
		{7A8BF8BD-EC53-4483-B5C0-59B0C36BD7D0}.Debug|x86.Build.0 = Debug|Any CPU
		{7A8BF8BD-EC53-4483-B5C0-59B0C36BD7D0}.Release|Any CPU.ActiveCfg = Release|Any CPU
		{7A8BF8BD-EC53-4483-B5C0-59B0C36BD7D0}.Release|Any CPU.Build.0 = Release|Any CPU
		{7A8BF8BD-EC53-4483-B5C0-59B0C36BD7D0}.Release|x64.ActiveCfg = Release|Any CPU
		{7A8BF8BD-EC53-4483-B5C0-59B0C36BD7D0}.Release|x64.Build.0 = Release|Any CPU
		{7A8BF8BD-EC53-4483-B5C0-59B0C36BD7D0}.Release|x86.ActiveCfg = Release|Any CPU
		{7A8BF8BD-EC53-4483-B5C0-59B0C36BD7D0}.Release|x86.Build.0 = Release|Any CPU
		{B7F0F60D-C1B1-4112-85EA-129B08C61B2B}.Debug|Any CPU.ActiveCfg = Debug|Any CPU
		{B7F0F60D-C1B1-4112-85EA-129B08C61B2B}.Debug|Any CPU.Build.0 = Debug|Any CPU
		{B7F0F60D-C1B1-4112-85EA-129B08C61B2B}.Debug|x64.ActiveCfg = Debug|Any CPU
		{B7F0F60D-C1B1-4112-85EA-129B08C61B2B}.Debug|x64.Build.0 = Debug|Any CPU
		{B7F0F60D-C1B1-4112-85EA-129B08C61B2B}.Debug|x86.ActiveCfg = Debug|Any CPU
		{B7F0F60D-C1B1-4112-85EA-129B08C61B2B}.Debug|x86.Build.0 = Debug|Any CPU
		{B7F0F60D-C1B1-4112-85EA-129B08C61B2B}.Release|Any CPU.ActiveCfg = Release|Any CPU
		{B7F0F60D-C1B1-4112-85EA-129B08C61B2B}.Release|Any CPU.Build.0 = Release|Any CPU
		{B7F0F60D-C1B1-4112-85EA-129B08C61B2B}.Release|x64.ActiveCfg = Release|Any CPU
		{B7F0F60D-C1B1-4112-85EA-129B08C61B2B}.Release|x64.Build.0 = Release|Any CPU
		{B7F0F60D-C1B1-4112-85EA-129B08C61B2B}.Release|x86.ActiveCfg = Release|Any CPU
		{B7F0F60D-C1B1-4112-85EA-129B08C61B2B}.Release|x86.Build.0 = Release|Any CPU
		{6EDFE614-8AC2-4BBB-B91F-2E24B1C4F5B5}.Debug|Any CPU.ActiveCfg = Debug|Any CPU
		{6EDFE614-8AC2-4BBB-B91F-2E24B1C4F5B5}.Debug|Any CPU.Build.0 = Debug|Any CPU
		{6EDFE614-8AC2-4BBB-B91F-2E24B1C4F5B5}.Debug|x64.ActiveCfg = Debug|Any CPU
		{6EDFE614-8AC2-4BBB-B91F-2E24B1C4F5B5}.Debug|x64.Build.0 = Debug|Any CPU
		{6EDFE614-8AC2-4BBB-B91F-2E24B1C4F5B5}.Debug|x86.ActiveCfg = Debug|Any CPU
		{6EDFE614-8AC2-4BBB-B91F-2E24B1C4F5B5}.Debug|x86.Build.0 = Debug|Any CPU
		{6EDFE614-8AC2-4BBB-B91F-2E24B1C4F5B5}.Release|Any CPU.ActiveCfg = Release|Any CPU
		{6EDFE614-8AC2-4BBB-B91F-2E24B1C4F5B5}.Release|Any CPU.Build.0 = Release|Any CPU
		{6EDFE614-8AC2-4BBB-B91F-2E24B1C4F5B5}.Release|x64.ActiveCfg = Release|Any CPU
		{6EDFE614-8AC2-4BBB-B91F-2E24B1C4F5B5}.Release|x64.Build.0 = Release|Any CPU
		{6EDFE614-8AC2-4BBB-B91F-2E24B1C4F5B5}.Release|x86.ActiveCfg = Release|Any CPU
		{6EDFE614-8AC2-4BBB-B91F-2E24B1C4F5B5}.Release|x86.Build.0 = Release|Any CPU
		{E4496C52-901A-4645-BC4B-A9FBEF86C266}.Debug|Any CPU.ActiveCfg = Debug|Any CPU
		{E4496C52-901A-4645-BC4B-A9FBEF86C266}.Debug|Any CPU.Build.0 = Debug|Any CPU
		{E4496C52-901A-4645-BC4B-A9FBEF86C266}.Debug|x64.ActiveCfg = Debug|Any CPU
		{E4496C52-901A-4645-BC4B-A9FBEF86C266}.Debug|x64.Build.0 = Debug|Any CPU
		{E4496C52-901A-4645-BC4B-A9FBEF86C266}.Debug|x86.ActiveCfg = Debug|Any CPU
		{E4496C52-901A-4645-BC4B-A9FBEF86C266}.Debug|x86.Build.0 = Debug|Any CPU
		{E4496C52-901A-4645-BC4B-A9FBEF86C266}.Release|Any CPU.ActiveCfg = Release|Any CPU
		{E4496C52-901A-4645-BC4B-A9FBEF86C266}.Release|Any CPU.Build.0 = Release|Any CPU
		{E4496C52-901A-4645-BC4B-A9FBEF86C266}.Release|x64.ActiveCfg = Release|Any CPU
		{E4496C52-901A-4645-BC4B-A9FBEF86C266}.Release|x64.Build.0 = Release|Any CPU
		{E4496C52-901A-4645-BC4B-A9FBEF86C266}.Release|x86.ActiveCfg = Release|Any CPU
		{E4496C52-901A-4645-BC4B-A9FBEF86C266}.Release|x86.Build.0 = Release|Any CPU
		{F5C0620A-44B6-4149-8BE6-85B25D952BA3}.Debug|Any CPU.ActiveCfg = Debug|Any CPU
		{F5C0620A-44B6-4149-8BE6-85B25D952BA3}.Debug|Any CPU.Build.0 = Debug|Any CPU
		{F5C0620A-44B6-4149-8BE6-85B25D952BA3}.Debug|x64.ActiveCfg = Debug|Any CPU
		{F5C0620A-44B6-4149-8BE6-85B25D952BA3}.Debug|x64.Build.0 = Debug|Any CPU
		{F5C0620A-44B6-4149-8BE6-85B25D952BA3}.Debug|x86.ActiveCfg = Debug|Any CPU
		{F5C0620A-44B6-4149-8BE6-85B25D952BA3}.Debug|x86.Build.0 = Debug|Any CPU
		{F5C0620A-44B6-4149-8BE6-85B25D952BA3}.Release|Any CPU.ActiveCfg = Release|Any CPU
		{F5C0620A-44B6-4149-8BE6-85B25D952BA3}.Release|Any CPU.Build.0 = Release|Any CPU
		{F5C0620A-44B6-4149-8BE6-85B25D952BA3}.Release|x64.ActiveCfg = Release|Any CPU
		{F5C0620A-44B6-4149-8BE6-85B25D952BA3}.Release|x64.Build.0 = Release|Any CPU
		{F5C0620A-44B6-4149-8BE6-85B25D952BA3}.Release|x86.ActiveCfg = Release|Any CPU
		{F5C0620A-44B6-4149-8BE6-85B25D952BA3}.Release|x86.Build.0 = Release|Any CPU
		{DC03BCD4-A402-4D35-9BB7-09A6AAFD9920}.Debug|Any CPU.ActiveCfg = Debug|Any CPU
		{DC03BCD4-A402-4D35-9BB7-09A6AAFD9920}.Debug|Any CPU.Build.0 = Debug|Any CPU
		{DC03BCD4-A402-4D35-9BB7-09A6AAFD9920}.Debug|x64.ActiveCfg = Debug|Any CPU
		{DC03BCD4-A402-4D35-9BB7-09A6AAFD9920}.Debug|x64.Build.0 = Debug|Any CPU
		{DC03BCD4-A402-4D35-9BB7-09A6AAFD9920}.Debug|x86.ActiveCfg = Debug|Any CPU
		{DC03BCD4-A402-4D35-9BB7-09A6AAFD9920}.Debug|x86.Build.0 = Debug|Any CPU
		{DC03BCD4-A402-4D35-9BB7-09A6AAFD9920}.Release|Any CPU.ActiveCfg = Release|Any CPU
		{DC03BCD4-A402-4D35-9BB7-09A6AAFD9920}.Release|Any CPU.Build.0 = Release|Any CPU
		{DC03BCD4-A402-4D35-9BB7-09A6AAFD9920}.Release|x64.ActiveCfg = Release|Any CPU
		{DC03BCD4-A402-4D35-9BB7-09A6AAFD9920}.Release|x64.Build.0 = Release|Any CPU
		{DC03BCD4-A402-4D35-9BB7-09A6AAFD9920}.Release|x86.ActiveCfg = Release|Any CPU
		{DC03BCD4-A402-4D35-9BB7-09A6AAFD9920}.Release|x86.Build.0 = Release|Any CPU
		{53AED23F-5B02-4EA4-AE14-B177A9737C6B}.Debug|Any CPU.ActiveCfg = Debug|Any CPU
		{53AED23F-5B02-4EA4-AE14-B177A9737C6B}.Debug|Any CPU.Build.0 = Debug|Any CPU
		{53AED23F-5B02-4EA4-AE14-B177A9737C6B}.Debug|x64.ActiveCfg = Debug|Any CPU
		{53AED23F-5B02-4EA4-AE14-B177A9737C6B}.Debug|x64.Build.0 = Debug|Any CPU
		{53AED23F-5B02-4EA4-AE14-B177A9737C6B}.Debug|x86.ActiveCfg = Debug|Any CPU
		{53AED23F-5B02-4EA4-AE14-B177A9737C6B}.Debug|x86.Build.0 = Debug|Any CPU
		{53AED23F-5B02-4EA4-AE14-B177A9737C6B}.Release|Any CPU.ActiveCfg = Release|Any CPU
		{53AED23F-5B02-4EA4-AE14-B177A9737C6B}.Release|Any CPU.Build.0 = Release|Any CPU
		{53AED23F-5B02-4EA4-AE14-B177A9737C6B}.Release|x64.ActiveCfg = Release|Any CPU
		{53AED23F-5B02-4EA4-AE14-B177A9737C6B}.Release|x64.Build.0 = Release|Any CPU
		{53AED23F-5B02-4EA4-AE14-B177A9737C6B}.Release|x86.ActiveCfg = Release|Any CPU
		{53AED23F-5B02-4EA4-AE14-B177A9737C6B}.Release|x86.Build.0 = Release|Any CPU
		{7FB2201E-6B90-4DE7-AD2B-1F78D104DE5B}.Debug|Any CPU.ActiveCfg = Debug|Any CPU
		{7FB2201E-6B90-4DE7-AD2B-1F78D104DE5B}.Debug|Any CPU.Build.0 = Debug|Any CPU
		{7FB2201E-6B90-4DE7-AD2B-1F78D104DE5B}.Debug|x64.ActiveCfg = Debug|Any CPU
		{7FB2201E-6B90-4DE7-AD2B-1F78D104DE5B}.Debug|x64.Build.0 = Debug|Any CPU
		{7FB2201E-6B90-4DE7-AD2B-1F78D104DE5B}.Debug|x86.ActiveCfg = Debug|Any CPU
		{7FB2201E-6B90-4DE7-AD2B-1F78D104DE5B}.Debug|x86.Build.0 = Debug|Any CPU
		{7FB2201E-6B90-4DE7-AD2B-1F78D104DE5B}.Release|Any CPU.ActiveCfg = Release|Any CPU
		{7FB2201E-6B90-4DE7-AD2B-1F78D104DE5B}.Release|Any CPU.Build.0 = Release|Any CPU
		{7FB2201E-6B90-4DE7-AD2B-1F78D104DE5B}.Release|x64.ActiveCfg = Release|Any CPU
		{7FB2201E-6B90-4DE7-AD2B-1F78D104DE5B}.Release|x64.Build.0 = Release|Any CPU
		{7FB2201E-6B90-4DE7-AD2B-1F78D104DE5B}.Release|x86.ActiveCfg = Release|Any CPU
		{7FB2201E-6B90-4DE7-AD2B-1F78D104DE5B}.Release|x86.Build.0 = Release|Any CPU
		{7EAE5920-DEA0-496E-92C1-C7149A0CFBF4}.Debug|Any CPU.ActiveCfg = Debug|Any CPU
		{7EAE5920-DEA0-496E-92C1-C7149A0CFBF4}.Debug|Any CPU.Build.0 = Debug|Any CPU
		{7EAE5920-DEA0-496E-92C1-C7149A0CFBF4}.Debug|x64.ActiveCfg = Debug|Any CPU
		{7EAE5920-DEA0-496E-92C1-C7149A0CFBF4}.Debug|x64.Build.0 = Debug|Any CPU
		{7EAE5920-DEA0-496E-92C1-C7149A0CFBF4}.Debug|x86.ActiveCfg = Debug|Any CPU
		{7EAE5920-DEA0-496E-92C1-C7149A0CFBF4}.Debug|x86.Build.0 = Debug|Any CPU
		{7EAE5920-DEA0-496E-92C1-C7149A0CFBF4}.Release|Any CPU.ActiveCfg = Release|Any CPU
		{7EAE5920-DEA0-496E-92C1-C7149A0CFBF4}.Release|Any CPU.Build.0 = Release|Any CPU
		{7EAE5920-DEA0-496E-92C1-C7149A0CFBF4}.Release|x64.ActiveCfg = Release|Any CPU
		{7EAE5920-DEA0-496E-92C1-C7149A0CFBF4}.Release|x64.Build.0 = Release|Any CPU
		{7EAE5920-DEA0-496E-92C1-C7149A0CFBF4}.Release|x86.ActiveCfg = Release|Any CPU
		{7EAE5920-DEA0-496E-92C1-C7149A0CFBF4}.Release|x86.Build.0 = Release|Any CPU
		{B04D99A9-AC84-4D05-8EE2-A9B6324C7E9A}.Debug|Any CPU.ActiveCfg = Debug|Any CPU
		{B04D99A9-AC84-4D05-8EE2-A9B6324C7E9A}.Debug|Any CPU.Build.0 = Debug|Any CPU
		{B04D99A9-AC84-4D05-8EE2-A9B6324C7E9A}.Debug|x64.ActiveCfg = Debug|Any CPU
		{B04D99A9-AC84-4D05-8EE2-A9B6324C7E9A}.Debug|x64.Build.0 = Debug|Any CPU
		{B04D99A9-AC84-4D05-8EE2-A9B6324C7E9A}.Debug|x86.ActiveCfg = Debug|Any CPU
		{B04D99A9-AC84-4D05-8EE2-A9B6324C7E9A}.Debug|x86.Build.0 = Debug|Any CPU
		{B04D99A9-AC84-4D05-8EE2-A9B6324C7E9A}.Release|Any CPU.ActiveCfg = Release|Any CPU
		{B04D99A9-AC84-4D05-8EE2-A9B6324C7E9A}.Release|Any CPU.Build.0 = Release|Any CPU
		{B04D99A9-AC84-4D05-8EE2-A9B6324C7E9A}.Release|x64.ActiveCfg = Release|Any CPU
		{B04D99A9-AC84-4D05-8EE2-A9B6324C7E9A}.Release|x64.Build.0 = Release|Any CPU
		{B04D99A9-AC84-4D05-8EE2-A9B6324C7E9A}.Release|x86.ActiveCfg = Release|Any CPU
		{B04D99A9-AC84-4D05-8EE2-A9B6324C7E9A}.Release|x86.Build.0 = Release|Any CPU
		{9977DD22-B079-40DA-BBC6-D41E75B2369C}.Debug|Any CPU.ActiveCfg = Debug|Any CPU
		{9977DD22-B079-40DA-BBC6-D41E75B2369C}.Debug|Any CPU.Build.0 = Debug|Any CPU
		{9977DD22-B079-40DA-BBC6-D41E75B2369C}.Debug|x64.ActiveCfg = Debug|Any CPU
		{9977DD22-B079-40DA-BBC6-D41E75B2369C}.Debug|x64.Build.0 = Debug|Any CPU
		{9977DD22-B079-40DA-BBC6-D41E75B2369C}.Debug|x86.ActiveCfg = Debug|Any CPU
		{9977DD22-B079-40DA-BBC6-D41E75B2369C}.Debug|x86.Build.0 = Debug|Any CPU
		{9977DD22-B079-40DA-BBC6-D41E75B2369C}.Release|Any CPU.ActiveCfg = Release|Any CPU
		{9977DD22-B079-40DA-BBC6-D41E75B2369C}.Release|Any CPU.Build.0 = Release|Any CPU
		{9977DD22-B079-40DA-BBC6-D41E75B2369C}.Release|x64.ActiveCfg = Release|Any CPU
		{9977DD22-B079-40DA-BBC6-D41E75B2369C}.Release|x64.Build.0 = Release|Any CPU
		{9977DD22-B079-40DA-BBC6-D41E75B2369C}.Release|x86.ActiveCfg = Release|Any CPU
		{9977DD22-B079-40DA-BBC6-D41E75B2369C}.Release|x86.Build.0 = Release|Any CPU
		{D88E3091-7BDE-4266-AAE4-0905A2F0C87C}.Debug|Any CPU.ActiveCfg = Debug|Any CPU
		{D88E3091-7BDE-4266-AAE4-0905A2F0C87C}.Debug|Any CPU.Build.0 = Debug|Any CPU
		{D88E3091-7BDE-4266-AAE4-0905A2F0C87C}.Debug|x64.ActiveCfg = Debug|Any CPU
		{D88E3091-7BDE-4266-AAE4-0905A2F0C87C}.Debug|x64.Build.0 = Debug|Any CPU
		{D88E3091-7BDE-4266-AAE4-0905A2F0C87C}.Debug|x86.ActiveCfg = Debug|Any CPU
		{D88E3091-7BDE-4266-AAE4-0905A2F0C87C}.Debug|x86.Build.0 = Debug|Any CPU
		{D88E3091-7BDE-4266-AAE4-0905A2F0C87C}.Release|Any CPU.ActiveCfg = Release|Any CPU
		{D88E3091-7BDE-4266-AAE4-0905A2F0C87C}.Release|Any CPU.Build.0 = Release|Any CPU
		{D88E3091-7BDE-4266-AAE4-0905A2F0C87C}.Release|x64.ActiveCfg = Release|Any CPU
		{D88E3091-7BDE-4266-AAE4-0905A2F0C87C}.Release|x64.Build.0 = Release|Any CPU
		{D88E3091-7BDE-4266-AAE4-0905A2F0C87C}.Release|x86.ActiveCfg = Release|Any CPU
		{D88E3091-7BDE-4266-AAE4-0905A2F0C87C}.Release|x86.Build.0 = Release|Any CPU
		{D7212D47-0977-4E98-8786-EE1BF3C8F88C}.Debug|Any CPU.ActiveCfg = Debug|Any CPU
		{D7212D47-0977-4E98-8786-EE1BF3C8F88C}.Debug|Any CPU.Build.0 = Debug|Any CPU
		{D7212D47-0977-4E98-8786-EE1BF3C8F88C}.Debug|x64.ActiveCfg = Debug|Any CPU
		{D7212D47-0977-4E98-8786-EE1BF3C8F88C}.Debug|x64.Build.0 = Debug|Any CPU
		{D7212D47-0977-4E98-8786-EE1BF3C8F88C}.Debug|x86.ActiveCfg = Debug|Any CPU
		{D7212D47-0977-4E98-8786-EE1BF3C8F88C}.Debug|x86.Build.0 = Debug|Any CPU
		{D7212D47-0977-4E98-8786-EE1BF3C8F88C}.Release|Any CPU.ActiveCfg = Release|Any CPU
		{D7212D47-0977-4E98-8786-EE1BF3C8F88C}.Release|Any CPU.Build.0 = Release|Any CPU
		{D7212D47-0977-4E98-8786-EE1BF3C8F88C}.Release|x64.ActiveCfg = Release|Any CPU
		{D7212D47-0977-4E98-8786-EE1BF3C8F88C}.Release|x64.Build.0 = Release|Any CPU
		{D7212D47-0977-4E98-8786-EE1BF3C8F88C}.Release|x86.ActiveCfg = Release|Any CPU
		{D7212D47-0977-4E98-8786-EE1BF3C8F88C}.Release|x86.Build.0 = Release|Any CPU
		{A8E797BF-697D-4AF1-A073-63F1B781A36B}.Debug|Any CPU.ActiveCfg = Debug|Any CPU
		{A8E797BF-697D-4AF1-A073-63F1B781A36B}.Debug|Any CPU.Build.0 = Debug|Any CPU
		{A8E797BF-697D-4AF1-A073-63F1B781A36B}.Debug|x64.ActiveCfg = Debug|Any CPU
		{A8E797BF-697D-4AF1-A073-63F1B781A36B}.Debug|x64.Build.0 = Debug|Any CPU
		{A8E797BF-697D-4AF1-A073-63F1B781A36B}.Debug|x86.ActiveCfg = Debug|Any CPU
		{A8E797BF-697D-4AF1-A073-63F1B781A36B}.Debug|x86.Build.0 = Debug|Any CPU
		{A8E797BF-697D-4AF1-A073-63F1B781A36B}.Release|Any CPU.ActiveCfg = Release|Any CPU
		{A8E797BF-697D-4AF1-A073-63F1B781A36B}.Release|Any CPU.Build.0 = Release|Any CPU
		{A8E797BF-697D-4AF1-A073-63F1B781A36B}.Release|x64.ActiveCfg = Release|Any CPU
		{A8E797BF-697D-4AF1-A073-63F1B781A36B}.Release|x64.Build.0 = Release|Any CPU
		{A8E797BF-697D-4AF1-A073-63F1B781A36B}.Release|x86.ActiveCfg = Release|Any CPU
		{A8E797BF-697D-4AF1-A073-63F1B781A36B}.Release|x86.Build.0 = Release|Any CPU
		{3639541B-E393-4B8B-8B47-A69A5C3E7306}.Debug|Any CPU.ActiveCfg = Debug|Any CPU
		{3639541B-E393-4B8B-8B47-A69A5C3E7306}.Debug|Any CPU.Build.0 = Debug|Any CPU
		{3639541B-E393-4B8B-8B47-A69A5C3E7306}.Debug|x64.ActiveCfg = Debug|Any CPU
		{3639541B-E393-4B8B-8B47-A69A5C3E7306}.Debug|x64.Build.0 = Debug|Any CPU
		{3639541B-E393-4B8B-8B47-A69A5C3E7306}.Debug|x86.ActiveCfg = Debug|Any CPU
		{3639541B-E393-4B8B-8B47-A69A5C3E7306}.Debug|x86.Build.0 = Debug|Any CPU
		{3639541B-E393-4B8B-8B47-A69A5C3E7306}.Release|Any CPU.ActiveCfg = Release|Any CPU
		{3639541B-E393-4B8B-8B47-A69A5C3E7306}.Release|Any CPU.Build.0 = Release|Any CPU
		{3639541B-E393-4B8B-8B47-A69A5C3E7306}.Release|x64.ActiveCfg = Release|Any CPU
		{3639541B-E393-4B8B-8B47-A69A5C3E7306}.Release|x64.Build.0 = Release|Any CPU
		{3639541B-E393-4B8B-8B47-A69A5C3E7306}.Release|x86.ActiveCfg = Release|Any CPU
		{3639541B-E393-4B8B-8B47-A69A5C3E7306}.Release|x86.Build.0 = Release|Any CPU
		{42818C89-D00C-4431-8943-53884899A0AE}.Debug|Any CPU.ActiveCfg = Debug|Any CPU
		{42818C89-D00C-4431-8943-53884899A0AE}.Debug|Any CPU.Build.0 = Debug|Any CPU
		{42818C89-D00C-4431-8943-53884899A0AE}.Debug|x64.ActiveCfg = Debug|Any CPU
		{42818C89-D00C-4431-8943-53884899A0AE}.Debug|x64.Build.0 = Debug|Any CPU
		{42818C89-D00C-4431-8943-53884899A0AE}.Debug|x86.ActiveCfg = Debug|Any CPU
		{42818C89-D00C-4431-8943-53884899A0AE}.Debug|x86.Build.0 = Debug|Any CPU
		{42818C89-D00C-4431-8943-53884899A0AE}.Release|Any CPU.ActiveCfg = Release|Any CPU
		{42818C89-D00C-4431-8943-53884899A0AE}.Release|Any CPU.Build.0 = Release|Any CPU
		{42818C89-D00C-4431-8943-53884899A0AE}.Release|x64.ActiveCfg = Release|Any CPU
		{42818C89-D00C-4431-8943-53884899A0AE}.Release|x64.Build.0 = Release|Any CPU
		{42818C89-D00C-4431-8943-53884899A0AE}.Release|x86.ActiveCfg = Release|Any CPU
		{42818C89-D00C-4431-8943-53884899A0AE}.Release|x86.Build.0 = Release|Any CPU
		{56DD8E2B-7ACB-4B81-8FF3-38E5A71B5CCD}.Debug|Any CPU.ActiveCfg = Debug|Any CPU
		{56DD8E2B-7ACB-4B81-8FF3-38E5A71B5CCD}.Debug|Any CPU.Build.0 = Debug|Any CPU
		{56DD8E2B-7ACB-4B81-8FF3-38E5A71B5CCD}.Debug|x64.ActiveCfg = Debug|Any CPU
		{56DD8E2B-7ACB-4B81-8FF3-38E5A71B5CCD}.Debug|x64.Build.0 = Debug|Any CPU
		{56DD8E2B-7ACB-4B81-8FF3-38E5A71B5CCD}.Debug|x86.ActiveCfg = Debug|Any CPU
		{56DD8E2B-7ACB-4B81-8FF3-38E5A71B5CCD}.Debug|x86.Build.0 = Debug|Any CPU
		{56DD8E2B-7ACB-4B81-8FF3-38E5A71B5CCD}.Release|Any CPU.ActiveCfg = Release|Any CPU
		{56DD8E2B-7ACB-4B81-8FF3-38E5A71B5CCD}.Release|Any CPU.Build.0 = Release|Any CPU
		{56DD8E2B-7ACB-4B81-8FF3-38E5A71B5CCD}.Release|x64.ActiveCfg = Release|Any CPU
		{56DD8E2B-7ACB-4B81-8FF3-38E5A71B5CCD}.Release|x64.Build.0 = Release|Any CPU
		{56DD8E2B-7ACB-4B81-8FF3-38E5A71B5CCD}.Release|x86.ActiveCfg = Release|Any CPU
		{56DD8E2B-7ACB-4B81-8FF3-38E5A71B5CCD}.Release|x86.Build.0 = Release|Any CPU
		{4245A542-AF24-4D39-A0DE-E70C5B8CD920}.Debug|Any CPU.ActiveCfg = Debug|Any CPU
		{4245A542-AF24-4D39-A0DE-E70C5B8CD920}.Debug|Any CPU.Build.0 = Debug|Any CPU
		{4245A542-AF24-4D39-A0DE-E70C5B8CD920}.Debug|x64.ActiveCfg = Debug|Any CPU
		{4245A542-AF24-4D39-A0DE-E70C5B8CD920}.Debug|x64.Build.0 = Debug|Any CPU
		{4245A542-AF24-4D39-A0DE-E70C5B8CD920}.Debug|x86.ActiveCfg = Debug|Any CPU
		{4245A542-AF24-4D39-A0DE-E70C5B8CD920}.Debug|x86.Build.0 = Debug|Any CPU
		{4245A542-AF24-4D39-A0DE-E70C5B8CD920}.Release|Any CPU.ActiveCfg = Release|Any CPU
		{4245A542-AF24-4D39-A0DE-E70C5B8CD920}.Release|Any CPU.Build.0 = Release|Any CPU
		{4245A542-AF24-4D39-A0DE-E70C5B8CD920}.Release|x64.ActiveCfg = Release|Any CPU
		{4245A542-AF24-4D39-A0DE-E70C5B8CD920}.Release|x64.Build.0 = Release|Any CPU
		{4245A542-AF24-4D39-A0DE-E70C5B8CD920}.Release|x86.ActiveCfg = Release|Any CPU
		{4245A542-AF24-4D39-A0DE-E70C5B8CD920}.Release|x86.Build.0 = Release|Any CPU
		{29E1EEDA-1D33-4277-B9C3-A53C31C08D2A}.Debug|Any CPU.ActiveCfg = Debug|Any CPU
		{29E1EEDA-1D33-4277-B9C3-A53C31C08D2A}.Debug|Any CPU.Build.0 = Debug|Any CPU
		{29E1EEDA-1D33-4277-B9C3-A53C31C08D2A}.Debug|x64.ActiveCfg = Debug|Any CPU
		{29E1EEDA-1D33-4277-B9C3-A53C31C08D2A}.Debug|x64.Build.0 = Debug|Any CPU
		{29E1EEDA-1D33-4277-B9C3-A53C31C08D2A}.Debug|x86.ActiveCfg = Debug|Any CPU
		{29E1EEDA-1D33-4277-B9C3-A53C31C08D2A}.Debug|x86.Build.0 = Debug|Any CPU
		{29E1EEDA-1D33-4277-B9C3-A53C31C08D2A}.Release|Any CPU.ActiveCfg = Release|Any CPU
		{29E1EEDA-1D33-4277-B9C3-A53C31C08D2A}.Release|Any CPU.Build.0 = Release|Any CPU
		{29E1EEDA-1D33-4277-B9C3-A53C31C08D2A}.Release|x64.ActiveCfg = Release|Any CPU
		{29E1EEDA-1D33-4277-B9C3-A53C31C08D2A}.Release|x64.Build.0 = Release|Any CPU
		{29E1EEDA-1D33-4277-B9C3-A53C31C08D2A}.Release|x86.ActiveCfg = Release|Any CPU
		{29E1EEDA-1D33-4277-B9C3-A53C31C08D2A}.Release|x86.Build.0 = Release|Any CPU
		{82E139E0-1D87-4B84-A809-0EA28A447145}.Debug|Any CPU.ActiveCfg = Debug|Any CPU
		{82E139E0-1D87-4B84-A809-0EA28A447145}.Debug|Any CPU.Build.0 = Debug|Any CPU
		{82E139E0-1D87-4B84-A809-0EA28A447145}.Debug|x64.ActiveCfg = Debug|Any CPU
		{82E139E0-1D87-4B84-A809-0EA28A447145}.Debug|x64.Build.0 = Debug|Any CPU
		{82E139E0-1D87-4B84-A809-0EA28A447145}.Debug|x86.ActiveCfg = Debug|Any CPU
		{82E139E0-1D87-4B84-A809-0EA28A447145}.Debug|x86.Build.0 = Debug|Any CPU
		{82E139E0-1D87-4B84-A809-0EA28A447145}.Release|Any CPU.ActiveCfg = Release|Any CPU
		{82E139E0-1D87-4B84-A809-0EA28A447145}.Release|Any CPU.Build.0 = Release|Any CPU
		{82E139E0-1D87-4B84-A809-0EA28A447145}.Release|x64.ActiveCfg = Release|Any CPU
		{82E139E0-1D87-4B84-A809-0EA28A447145}.Release|x64.Build.0 = Release|Any CPU
		{82E139E0-1D87-4B84-A809-0EA28A447145}.Release|x86.ActiveCfg = Release|Any CPU
		{82E139E0-1D87-4B84-A809-0EA28A447145}.Release|x86.Build.0 = Release|Any CPU
		{3FA57F8E-A2E5-4476-B055-D15518893DA7}.Debug|Any CPU.ActiveCfg = Debug|Any CPU
		{3FA57F8E-A2E5-4476-B055-D15518893DA7}.Debug|Any CPU.Build.0 = Debug|Any CPU
		{3FA57F8E-A2E5-4476-B055-D15518893DA7}.Debug|x64.ActiveCfg = Debug|Any CPU
		{3FA57F8E-A2E5-4476-B055-D15518893DA7}.Debug|x64.Build.0 = Debug|Any CPU
		{3FA57F8E-A2E5-4476-B055-D15518893DA7}.Debug|x86.ActiveCfg = Debug|Any CPU
		{3FA57F8E-A2E5-4476-B055-D15518893DA7}.Debug|x86.Build.0 = Debug|Any CPU
		{3FA57F8E-A2E5-4476-B055-D15518893DA7}.Release|Any CPU.ActiveCfg = Release|Any CPU
		{3FA57F8E-A2E5-4476-B055-D15518893DA7}.Release|Any CPU.Build.0 = Release|Any CPU
		{3FA57F8E-A2E5-4476-B055-D15518893DA7}.Release|x64.ActiveCfg = Release|Any CPU
		{3FA57F8E-A2E5-4476-B055-D15518893DA7}.Release|x64.Build.0 = Release|Any CPU
		{3FA57F8E-A2E5-4476-B055-D15518893DA7}.Release|x86.ActiveCfg = Release|Any CPU
		{3FA57F8E-A2E5-4476-B055-D15518893DA7}.Release|x86.Build.0 = Release|Any CPU
		{DA28D544-8CC6-4D37-91FA-F1FE68EF7E9C}.Debug|Any CPU.ActiveCfg = Debug|Any CPU
		{DA28D544-8CC6-4D37-91FA-F1FE68EF7E9C}.Debug|Any CPU.Build.0 = Debug|Any CPU
		{DA28D544-8CC6-4D37-91FA-F1FE68EF7E9C}.Debug|x64.ActiveCfg = Debug|Any CPU
		{DA28D544-8CC6-4D37-91FA-F1FE68EF7E9C}.Debug|x64.Build.0 = Debug|Any CPU
		{DA28D544-8CC6-4D37-91FA-F1FE68EF7E9C}.Debug|x86.ActiveCfg = Debug|Any CPU
		{DA28D544-8CC6-4D37-91FA-F1FE68EF7E9C}.Debug|x86.Build.0 = Debug|Any CPU
		{DA28D544-8CC6-4D37-91FA-F1FE68EF7E9C}.Release|Any CPU.ActiveCfg = Release|Any CPU
		{DA28D544-8CC6-4D37-91FA-F1FE68EF7E9C}.Release|Any CPU.Build.0 = Release|Any CPU
		{DA28D544-8CC6-4D37-91FA-F1FE68EF7E9C}.Release|x64.ActiveCfg = Release|Any CPU
		{DA28D544-8CC6-4D37-91FA-F1FE68EF7E9C}.Release|x64.Build.0 = Release|Any CPU
		{DA28D544-8CC6-4D37-91FA-F1FE68EF7E9C}.Release|x86.ActiveCfg = Release|Any CPU
		{DA28D544-8CC6-4D37-91FA-F1FE68EF7E9C}.Release|x86.Build.0 = Release|Any CPU
		{3D906F36-B52D-44C3-959F-487EDB2C6320}.Debug|Any CPU.ActiveCfg = Debug|Any CPU
		{3D906F36-B52D-44C3-959F-487EDB2C6320}.Debug|Any CPU.Build.0 = Debug|Any CPU
		{3D906F36-B52D-44C3-959F-487EDB2C6320}.Debug|x64.ActiveCfg = Debug|Any CPU
		{3D906F36-B52D-44C3-959F-487EDB2C6320}.Debug|x64.Build.0 = Debug|Any CPU
		{3D906F36-B52D-44C3-959F-487EDB2C6320}.Debug|x86.ActiveCfg = Debug|Any CPU
		{3D906F36-B52D-44C3-959F-487EDB2C6320}.Debug|x86.Build.0 = Debug|Any CPU
		{3D906F36-B52D-44C3-959F-487EDB2C6320}.Release|Any CPU.ActiveCfg = Release|Any CPU
		{3D906F36-B52D-44C3-959F-487EDB2C6320}.Release|Any CPU.Build.0 = Release|Any CPU
		{3D906F36-B52D-44C3-959F-487EDB2C6320}.Release|x64.ActiveCfg = Release|Any CPU
		{3D906F36-B52D-44C3-959F-487EDB2C6320}.Release|x64.Build.0 = Release|Any CPU
		{3D906F36-B52D-44C3-959F-487EDB2C6320}.Release|x86.ActiveCfg = Release|Any CPU
		{3D906F36-B52D-44C3-959F-487EDB2C6320}.Release|x86.Build.0 = Release|Any CPU
		{1CBAEF6B-31BE-4696-8212-91E71FB4891E}.Debug|Any CPU.ActiveCfg = Debug|Any CPU
		{1CBAEF6B-31BE-4696-8212-91E71FB4891E}.Debug|Any CPU.Build.0 = Debug|Any CPU
		{1CBAEF6B-31BE-4696-8212-91E71FB4891E}.Debug|x64.ActiveCfg = Debug|Any CPU
		{1CBAEF6B-31BE-4696-8212-91E71FB4891E}.Debug|x64.Build.0 = Debug|Any CPU
		{1CBAEF6B-31BE-4696-8212-91E71FB4891E}.Debug|x86.ActiveCfg = Debug|Any CPU
		{1CBAEF6B-31BE-4696-8212-91E71FB4891E}.Debug|x86.Build.0 = Debug|Any CPU
		{1CBAEF6B-31BE-4696-8212-91E71FB4891E}.Release|Any CPU.ActiveCfg = Release|Any CPU
		{1CBAEF6B-31BE-4696-8212-91E71FB4891E}.Release|Any CPU.Build.0 = Release|Any CPU
		{1CBAEF6B-31BE-4696-8212-91E71FB4891E}.Release|x64.ActiveCfg = Release|Any CPU
		{1CBAEF6B-31BE-4696-8212-91E71FB4891E}.Release|x64.Build.0 = Release|Any CPU
		{1CBAEF6B-31BE-4696-8212-91E71FB4891E}.Release|x86.ActiveCfg = Release|Any CPU
		{1CBAEF6B-31BE-4696-8212-91E71FB4891E}.Release|x86.Build.0 = Release|Any CPU
		{C96071E5-69DB-45A9-A926-F0723E5E161B}.Debug|Any CPU.ActiveCfg = Debug|Any CPU
		{C96071E5-69DB-45A9-A926-F0723E5E161B}.Debug|Any CPU.Build.0 = Debug|Any CPU
		{C96071E5-69DB-45A9-A926-F0723E5E161B}.Debug|x64.ActiveCfg = Debug|Any CPU
		{C96071E5-69DB-45A9-A926-F0723E5E161B}.Debug|x64.Build.0 = Debug|Any CPU
		{C96071E5-69DB-45A9-A926-F0723E5E161B}.Debug|x86.ActiveCfg = Debug|Any CPU
		{C96071E5-69DB-45A9-A926-F0723E5E161B}.Debug|x86.Build.0 = Debug|Any CPU
		{C96071E5-69DB-45A9-A926-F0723E5E161B}.Release|Any CPU.ActiveCfg = Release|Any CPU
		{C96071E5-69DB-45A9-A926-F0723E5E161B}.Release|Any CPU.Build.0 = Release|Any CPU
		{C96071E5-69DB-45A9-A926-F0723E5E161B}.Release|x64.ActiveCfg = Release|Any CPU
		{C96071E5-69DB-45A9-A926-F0723E5E161B}.Release|x64.Build.0 = Release|Any CPU
		{C96071E5-69DB-45A9-A926-F0723E5E161B}.Release|x86.ActiveCfg = Release|Any CPU
		{C96071E5-69DB-45A9-A926-F0723E5E161B}.Release|x86.Build.0 = Release|Any CPU
		{B1933589-0EFA-4732-99D0-45CA1F772F05}.Debug|Any CPU.ActiveCfg = Debug|Any CPU
		{B1933589-0EFA-4732-99D0-45CA1F772F05}.Debug|Any CPU.Build.0 = Debug|Any CPU
		{B1933589-0EFA-4732-99D0-45CA1F772F05}.Debug|x64.ActiveCfg = Debug|Any CPU
		{B1933589-0EFA-4732-99D0-45CA1F772F05}.Debug|x64.Build.0 = Debug|Any CPU
		{B1933589-0EFA-4732-99D0-45CA1F772F05}.Debug|x86.ActiveCfg = Debug|Any CPU
		{B1933589-0EFA-4732-99D0-45CA1F772F05}.Debug|x86.Build.0 = Debug|Any CPU
		{B1933589-0EFA-4732-99D0-45CA1F772F05}.Release|Any CPU.ActiveCfg = Release|Any CPU
		{B1933589-0EFA-4732-99D0-45CA1F772F05}.Release|Any CPU.Build.0 = Release|Any CPU
		{B1933589-0EFA-4732-99D0-45CA1F772F05}.Release|x64.ActiveCfg = Release|Any CPU
		{B1933589-0EFA-4732-99D0-45CA1F772F05}.Release|x64.Build.0 = Release|Any CPU
		{B1933589-0EFA-4732-99D0-45CA1F772F05}.Release|x86.ActiveCfg = Release|Any CPU
		{B1933589-0EFA-4732-99D0-45CA1F772F05}.Release|x86.Build.0 = Release|Any CPU
		{43266654-71AE-4EA2-A21C-799FBC3F5594}.Debug|Any CPU.ActiveCfg = Debug|Any CPU
		{43266654-71AE-4EA2-A21C-799FBC3F5594}.Debug|Any CPU.Build.0 = Debug|Any CPU
		{43266654-71AE-4EA2-A21C-799FBC3F5594}.Debug|x64.ActiveCfg = Debug|Any CPU
		{43266654-71AE-4EA2-A21C-799FBC3F5594}.Debug|x64.Build.0 = Debug|Any CPU
		{43266654-71AE-4EA2-A21C-799FBC3F5594}.Debug|x86.ActiveCfg = Debug|Any CPU
		{43266654-71AE-4EA2-A21C-799FBC3F5594}.Debug|x86.Build.0 = Debug|Any CPU
		{43266654-71AE-4EA2-A21C-799FBC3F5594}.Release|Any CPU.ActiveCfg = Release|Any CPU
		{43266654-71AE-4EA2-A21C-799FBC3F5594}.Release|Any CPU.Build.0 = Release|Any CPU
		{43266654-71AE-4EA2-A21C-799FBC3F5594}.Release|x64.ActiveCfg = Release|Any CPU
		{43266654-71AE-4EA2-A21C-799FBC3F5594}.Release|x64.Build.0 = Release|Any CPU
		{43266654-71AE-4EA2-A21C-799FBC3F5594}.Release|x86.ActiveCfg = Release|Any CPU
		{43266654-71AE-4EA2-A21C-799FBC3F5594}.Release|x86.Build.0 = Release|Any CPU
		{7270A451-0A98-4796-BE9B-02E45C350CDD}.Debug|Any CPU.ActiveCfg = Debug|Any CPU
		{7270A451-0A98-4796-BE9B-02E45C350CDD}.Debug|Any CPU.Build.0 = Debug|Any CPU
		{7270A451-0A98-4796-BE9B-02E45C350CDD}.Debug|x64.ActiveCfg = Debug|Any CPU
		{7270A451-0A98-4796-BE9B-02E45C350CDD}.Debug|x64.Build.0 = Debug|Any CPU
		{7270A451-0A98-4796-BE9B-02E45C350CDD}.Debug|x86.ActiveCfg = Debug|Any CPU
		{7270A451-0A98-4796-BE9B-02E45C350CDD}.Debug|x86.Build.0 = Debug|Any CPU
		{7270A451-0A98-4796-BE9B-02E45C350CDD}.Release|Any CPU.ActiveCfg = Release|Any CPU
		{7270A451-0A98-4796-BE9B-02E45C350CDD}.Release|Any CPU.Build.0 = Release|Any CPU
		{7270A451-0A98-4796-BE9B-02E45C350CDD}.Release|x64.ActiveCfg = Release|Any CPU
		{7270A451-0A98-4796-BE9B-02E45C350CDD}.Release|x64.Build.0 = Release|Any CPU
		{7270A451-0A98-4796-BE9B-02E45C350CDD}.Release|x86.ActiveCfg = Release|Any CPU
		{7270A451-0A98-4796-BE9B-02E45C350CDD}.Release|x86.Build.0 = Release|Any CPU
		{23AC85A5-BEEA-4F1C-872D-A6ADA5F5459B}.Debug|Any CPU.ActiveCfg = Debug|Any CPU
		{23AC85A5-BEEA-4F1C-872D-A6ADA5F5459B}.Debug|Any CPU.Build.0 = Debug|Any CPU
		{23AC85A5-BEEA-4F1C-872D-A6ADA5F5459B}.Debug|x64.ActiveCfg = Debug|Any CPU
		{23AC85A5-BEEA-4F1C-872D-A6ADA5F5459B}.Debug|x64.Build.0 = Debug|Any CPU
		{23AC85A5-BEEA-4F1C-872D-A6ADA5F5459B}.Debug|x86.ActiveCfg = Debug|Any CPU
		{23AC85A5-BEEA-4F1C-872D-A6ADA5F5459B}.Debug|x86.Build.0 = Debug|Any CPU
		{23AC85A5-BEEA-4F1C-872D-A6ADA5F5459B}.Release|Any CPU.ActiveCfg = Release|Any CPU
		{23AC85A5-BEEA-4F1C-872D-A6ADA5F5459B}.Release|Any CPU.Build.0 = Release|Any CPU
		{23AC85A5-BEEA-4F1C-872D-A6ADA5F5459B}.Release|x64.ActiveCfg = Release|Any CPU
		{23AC85A5-BEEA-4F1C-872D-A6ADA5F5459B}.Release|x64.Build.0 = Release|Any CPU
		{23AC85A5-BEEA-4F1C-872D-A6ADA5F5459B}.Release|x86.ActiveCfg = Release|Any CPU
		{23AC85A5-BEEA-4F1C-872D-A6ADA5F5459B}.Release|x86.Build.0 = Release|Any CPU
		{726D6E6F-FA25-4AFE-9AB9-50ACC7659B8D}.Debug|Any CPU.ActiveCfg = Debug|Any CPU
		{726D6E6F-FA25-4AFE-9AB9-50ACC7659B8D}.Debug|Any CPU.Build.0 = Debug|Any CPU
		{726D6E6F-FA25-4AFE-9AB9-50ACC7659B8D}.Debug|x64.ActiveCfg = Debug|Any CPU
		{726D6E6F-FA25-4AFE-9AB9-50ACC7659B8D}.Debug|x64.Build.0 = Debug|Any CPU
		{726D6E6F-FA25-4AFE-9AB9-50ACC7659B8D}.Debug|x86.ActiveCfg = Debug|Any CPU
		{726D6E6F-FA25-4AFE-9AB9-50ACC7659B8D}.Debug|x86.Build.0 = Debug|Any CPU
		{726D6E6F-FA25-4AFE-9AB9-50ACC7659B8D}.Release|Any CPU.ActiveCfg = Release|Any CPU
		{726D6E6F-FA25-4AFE-9AB9-50ACC7659B8D}.Release|Any CPU.Build.0 = Release|Any CPU
		{726D6E6F-FA25-4AFE-9AB9-50ACC7659B8D}.Release|x64.ActiveCfg = Release|Any CPU
		{726D6E6F-FA25-4AFE-9AB9-50ACC7659B8D}.Release|x64.Build.0 = Release|Any CPU
		{726D6E6F-FA25-4AFE-9AB9-50ACC7659B8D}.Release|x86.ActiveCfg = Release|Any CPU
		{726D6E6F-FA25-4AFE-9AB9-50ACC7659B8D}.Release|x86.Build.0 = Release|Any CPU
		{522BE540-DDAF-4745-A4AD-1CC700DB4B1C}.Debug|Any CPU.ActiveCfg = Debug|Any CPU
		{522BE540-DDAF-4745-A4AD-1CC700DB4B1C}.Debug|Any CPU.Build.0 = Debug|Any CPU
		{522BE540-DDAF-4745-A4AD-1CC700DB4B1C}.Debug|x64.ActiveCfg = Debug|Any CPU
		{522BE540-DDAF-4745-A4AD-1CC700DB4B1C}.Debug|x64.Build.0 = Debug|Any CPU
		{522BE540-DDAF-4745-A4AD-1CC700DB4B1C}.Debug|x86.ActiveCfg = Debug|Any CPU
		{522BE540-DDAF-4745-A4AD-1CC700DB4B1C}.Debug|x86.Build.0 = Debug|Any CPU
		{522BE540-DDAF-4745-A4AD-1CC700DB4B1C}.Release|Any CPU.ActiveCfg = Release|Any CPU
		{522BE540-DDAF-4745-A4AD-1CC700DB4B1C}.Release|Any CPU.Build.0 = Release|Any CPU
		{522BE540-DDAF-4745-A4AD-1CC700DB4B1C}.Release|x64.ActiveCfg = Release|Any CPU
		{522BE540-DDAF-4745-A4AD-1CC700DB4B1C}.Release|x64.Build.0 = Release|Any CPU
		{522BE540-DDAF-4745-A4AD-1CC700DB4B1C}.Release|x86.ActiveCfg = Release|Any CPU
		{522BE540-DDAF-4745-A4AD-1CC700DB4B1C}.Release|x86.Build.0 = Release|Any CPU
		{7765C0A2-AF60-43BA-94BB-9B07E478A2DC}.Debug|Any CPU.ActiveCfg = Debug|Any CPU
		{7765C0A2-AF60-43BA-94BB-9B07E478A2DC}.Debug|Any CPU.Build.0 = Debug|Any CPU
		{7765C0A2-AF60-43BA-94BB-9B07E478A2DC}.Debug|x64.ActiveCfg = Debug|Any CPU
		{7765C0A2-AF60-43BA-94BB-9B07E478A2DC}.Debug|x64.Build.0 = Debug|Any CPU
		{7765C0A2-AF60-43BA-94BB-9B07E478A2DC}.Debug|x86.ActiveCfg = Debug|Any CPU
		{7765C0A2-AF60-43BA-94BB-9B07E478A2DC}.Debug|x86.Build.0 = Debug|Any CPU
		{7765C0A2-AF60-43BA-94BB-9B07E478A2DC}.Release|Any CPU.ActiveCfg = Release|Any CPU
		{7765C0A2-AF60-43BA-94BB-9B07E478A2DC}.Release|Any CPU.Build.0 = Release|Any CPU
		{7765C0A2-AF60-43BA-94BB-9B07E478A2DC}.Release|x64.ActiveCfg = Release|Any CPU
		{7765C0A2-AF60-43BA-94BB-9B07E478A2DC}.Release|x64.Build.0 = Release|Any CPU
		{7765C0A2-AF60-43BA-94BB-9B07E478A2DC}.Release|x86.ActiveCfg = Release|Any CPU
		{7765C0A2-AF60-43BA-94BB-9B07E478A2DC}.Release|x86.Build.0 = Release|Any CPU
		{92B64509-28E3-4425-B444-A8AF07410243}.Debug|Any CPU.ActiveCfg = Debug|Any CPU
		{92B64509-28E3-4425-B444-A8AF07410243}.Debug|Any CPU.Build.0 = Debug|Any CPU
		{92B64509-28E3-4425-B444-A8AF07410243}.Debug|x64.ActiveCfg = Debug|Any CPU
		{92B64509-28E3-4425-B444-A8AF07410243}.Debug|x64.Build.0 = Debug|Any CPU
		{92B64509-28E3-4425-B444-A8AF07410243}.Debug|x86.ActiveCfg = Debug|Any CPU
		{92B64509-28E3-4425-B444-A8AF07410243}.Debug|x86.Build.0 = Debug|Any CPU
		{92B64509-28E3-4425-B444-A8AF07410243}.Release|Any CPU.ActiveCfg = Release|Any CPU
		{92B64509-28E3-4425-B444-A8AF07410243}.Release|Any CPU.Build.0 = Release|Any CPU
		{92B64509-28E3-4425-B444-A8AF07410243}.Release|x64.ActiveCfg = Release|Any CPU
		{92B64509-28E3-4425-B444-A8AF07410243}.Release|x64.Build.0 = Release|Any CPU
		{92B64509-28E3-4425-B444-A8AF07410243}.Release|x86.ActiveCfg = Release|Any CPU
		{92B64509-28E3-4425-B444-A8AF07410243}.Release|x86.Build.0 = Release|Any CPU
		{3B671B07-2374-4E26-984E-94A340BEC351}.Debug|Any CPU.ActiveCfg = Debug|Any CPU
		{3B671B07-2374-4E26-984E-94A340BEC351}.Debug|Any CPU.Build.0 = Debug|Any CPU
		{3B671B07-2374-4E26-984E-94A340BEC351}.Debug|x64.ActiveCfg = Debug|Any CPU
		{3B671B07-2374-4E26-984E-94A340BEC351}.Debug|x64.Build.0 = Debug|Any CPU
		{3B671B07-2374-4E26-984E-94A340BEC351}.Debug|x86.ActiveCfg = Debug|Any CPU
		{3B671B07-2374-4E26-984E-94A340BEC351}.Debug|x86.Build.0 = Debug|Any CPU
		{3B671B07-2374-4E26-984E-94A340BEC351}.Release|Any CPU.ActiveCfg = Release|Any CPU
		{3B671B07-2374-4E26-984E-94A340BEC351}.Release|Any CPU.Build.0 = Release|Any CPU
		{3B671B07-2374-4E26-984E-94A340BEC351}.Release|x64.ActiveCfg = Release|Any CPU
		{3B671B07-2374-4E26-984E-94A340BEC351}.Release|x64.Build.0 = Release|Any CPU
		{3B671B07-2374-4E26-984E-94A340BEC351}.Release|x86.ActiveCfg = Release|Any CPU
		{3B671B07-2374-4E26-984E-94A340BEC351}.Release|x86.Build.0 = Release|Any CPU
		{6B9833AE-4542-478A-B7F5-B3EBB8132CBA}.Debug|Any CPU.ActiveCfg = Debug|Any CPU
		{6B9833AE-4542-478A-B7F5-B3EBB8132CBA}.Debug|Any CPU.Build.0 = Debug|Any CPU
		{6B9833AE-4542-478A-B7F5-B3EBB8132CBA}.Debug|x64.ActiveCfg = Debug|Any CPU
		{6B9833AE-4542-478A-B7F5-B3EBB8132CBA}.Debug|x64.Build.0 = Debug|Any CPU
		{6B9833AE-4542-478A-B7F5-B3EBB8132CBA}.Debug|x86.ActiveCfg = Debug|Any CPU
		{6B9833AE-4542-478A-B7F5-B3EBB8132CBA}.Debug|x86.Build.0 = Debug|Any CPU
		{6B9833AE-4542-478A-B7F5-B3EBB8132CBA}.Release|Any CPU.ActiveCfg = Release|Any CPU
		{6B9833AE-4542-478A-B7F5-B3EBB8132CBA}.Release|Any CPU.Build.0 = Release|Any CPU
		{6B9833AE-4542-478A-B7F5-B3EBB8132CBA}.Release|x64.ActiveCfg = Release|Any CPU
		{6B9833AE-4542-478A-B7F5-B3EBB8132CBA}.Release|x64.Build.0 = Release|Any CPU
		{6B9833AE-4542-478A-B7F5-B3EBB8132CBA}.Release|x86.ActiveCfg = Release|Any CPU
		{6B9833AE-4542-478A-B7F5-B3EBB8132CBA}.Release|x86.Build.0 = Release|Any CPU
		{426F65E3-9C15-421A-B403-9A6012A5E5BD}.Debug|Any CPU.ActiveCfg = Debug|Any CPU
		{426F65E3-9C15-421A-B403-9A6012A5E5BD}.Debug|Any CPU.Build.0 = Debug|Any CPU
		{426F65E3-9C15-421A-B403-9A6012A5E5BD}.Debug|x64.ActiveCfg = Debug|Any CPU
		{426F65E3-9C15-421A-B403-9A6012A5E5BD}.Debug|x64.Build.0 = Debug|Any CPU
		{426F65E3-9C15-421A-B403-9A6012A5E5BD}.Debug|x86.ActiveCfg = Debug|Any CPU
		{426F65E3-9C15-421A-B403-9A6012A5E5BD}.Debug|x86.Build.0 = Debug|Any CPU
		{426F65E3-9C15-421A-B403-9A6012A5E5BD}.Release|Any CPU.ActiveCfg = Release|Any CPU
		{426F65E3-9C15-421A-B403-9A6012A5E5BD}.Release|Any CPU.Build.0 = Release|Any CPU
		{426F65E3-9C15-421A-B403-9A6012A5E5BD}.Release|x64.ActiveCfg = Release|Any CPU
		{426F65E3-9C15-421A-B403-9A6012A5E5BD}.Release|x64.Build.0 = Release|Any CPU
		{426F65E3-9C15-421A-B403-9A6012A5E5BD}.Release|x86.ActiveCfg = Release|Any CPU
		{426F65E3-9C15-421A-B403-9A6012A5E5BD}.Release|x86.Build.0 = Release|Any CPU
		{82FEAED1-EFAF-4F48-B069-814A26518271}.Debug|Any CPU.ActiveCfg = Debug|Any CPU
		{82FEAED1-EFAF-4F48-B069-814A26518271}.Debug|Any CPU.Build.0 = Debug|Any CPU
		{82FEAED1-EFAF-4F48-B069-814A26518271}.Debug|x64.ActiveCfg = Debug|Any CPU
		{82FEAED1-EFAF-4F48-B069-814A26518271}.Debug|x64.Build.0 = Debug|Any CPU
		{82FEAED1-EFAF-4F48-B069-814A26518271}.Debug|x86.ActiveCfg = Debug|Any CPU
		{82FEAED1-EFAF-4F48-B069-814A26518271}.Debug|x86.Build.0 = Debug|Any CPU
		{82FEAED1-EFAF-4F48-B069-814A26518271}.Release|Any CPU.ActiveCfg = Release|Any CPU
		{82FEAED1-EFAF-4F48-B069-814A26518271}.Release|Any CPU.Build.0 = Release|Any CPU
		{82FEAED1-EFAF-4F48-B069-814A26518271}.Release|x64.ActiveCfg = Release|Any CPU
		{82FEAED1-EFAF-4F48-B069-814A26518271}.Release|x64.Build.0 = Release|Any CPU
		{82FEAED1-EFAF-4F48-B069-814A26518271}.Release|x86.ActiveCfg = Release|Any CPU
		{82FEAED1-EFAF-4F48-B069-814A26518271}.Release|x86.Build.0 = Release|Any CPU
		{72C52CE2-8B7D-47C2-BD22-D4B115B6CA43}.Debug|Any CPU.ActiveCfg = Debug|Any CPU
		{72C52CE2-8B7D-47C2-BD22-D4B115B6CA43}.Debug|Any CPU.Build.0 = Debug|Any CPU
		{72C52CE2-8B7D-47C2-BD22-D4B115B6CA43}.Debug|x64.ActiveCfg = Debug|Any CPU
		{72C52CE2-8B7D-47C2-BD22-D4B115B6CA43}.Debug|x64.Build.0 = Debug|Any CPU
		{72C52CE2-8B7D-47C2-BD22-D4B115B6CA43}.Debug|x86.ActiveCfg = Debug|Any CPU
		{72C52CE2-8B7D-47C2-BD22-D4B115B6CA43}.Debug|x86.Build.0 = Debug|Any CPU
		{72C52CE2-8B7D-47C2-BD22-D4B115B6CA43}.Release|Any CPU.ActiveCfg = Release|Any CPU
		{72C52CE2-8B7D-47C2-BD22-D4B115B6CA43}.Release|Any CPU.Build.0 = Release|Any CPU
		{72C52CE2-8B7D-47C2-BD22-D4B115B6CA43}.Release|x64.ActiveCfg = Release|Any CPU
		{72C52CE2-8B7D-47C2-BD22-D4B115B6CA43}.Release|x64.Build.0 = Release|Any CPU
		{72C52CE2-8B7D-47C2-BD22-D4B115B6CA43}.Release|x86.ActiveCfg = Release|Any CPU
		{72C52CE2-8B7D-47C2-BD22-D4B115B6CA43}.Release|x86.Build.0 = Release|Any CPU
		{F73F5D2C-C588-46E7-A6DC-F572D5A4F0B7}.Debug|Any CPU.ActiveCfg = Debug|Any CPU
		{F73F5D2C-C588-46E7-A6DC-F572D5A4F0B7}.Debug|Any CPU.Build.0 = Debug|Any CPU
		{F73F5D2C-C588-46E7-A6DC-F572D5A4F0B7}.Debug|x64.ActiveCfg = Debug|Any CPU
		{F73F5D2C-C588-46E7-A6DC-F572D5A4F0B7}.Debug|x64.Build.0 = Debug|Any CPU
		{F73F5D2C-C588-46E7-A6DC-F572D5A4F0B7}.Debug|x86.ActiveCfg = Debug|Any CPU
		{F73F5D2C-C588-46E7-A6DC-F572D5A4F0B7}.Debug|x86.Build.0 = Debug|Any CPU
		{F73F5D2C-C588-46E7-A6DC-F572D5A4F0B7}.Release|Any CPU.ActiveCfg = Release|Any CPU
		{F73F5D2C-C588-46E7-A6DC-F572D5A4F0B7}.Release|Any CPU.Build.0 = Release|Any CPU
		{F73F5D2C-C588-46E7-A6DC-F572D5A4F0B7}.Release|x64.ActiveCfg = Release|Any CPU
		{F73F5D2C-C588-46E7-A6DC-F572D5A4F0B7}.Release|x64.Build.0 = Release|Any CPU
		{F73F5D2C-C588-46E7-A6DC-F572D5A4F0B7}.Release|x86.ActiveCfg = Release|Any CPU
		{F73F5D2C-C588-46E7-A6DC-F572D5A4F0B7}.Release|x86.Build.0 = Release|Any CPU
		{71676F12-B074-4C67-9B80-9E271D855BDB}.Debug|Any CPU.ActiveCfg = Debug|Any CPU
		{71676F12-B074-4C67-9B80-9E271D855BDB}.Debug|Any CPU.Build.0 = Debug|Any CPU
		{71676F12-B074-4C67-9B80-9E271D855BDB}.Debug|x64.ActiveCfg = Debug|Any CPU
		{71676F12-B074-4C67-9B80-9E271D855BDB}.Debug|x64.Build.0 = Debug|Any CPU
		{71676F12-B074-4C67-9B80-9E271D855BDB}.Debug|x86.ActiveCfg = Debug|Any CPU
		{71676F12-B074-4C67-9B80-9E271D855BDB}.Debug|x86.Build.0 = Debug|Any CPU
		{71676F12-B074-4C67-9B80-9E271D855BDB}.Release|Any CPU.ActiveCfg = Release|Any CPU
		{71676F12-B074-4C67-9B80-9E271D855BDB}.Release|Any CPU.Build.0 = Release|Any CPU
		{71676F12-B074-4C67-9B80-9E271D855BDB}.Release|x64.ActiveCfg = Release|Any CPU
		{71676F12-B074-4C67-9B80-9E271D855BDB}.Release|x64.Build.0 = Release|Any CPU
		{71676F12-B074-4C67-9B80-9E271D855BDB}.Release|x86.ActiveCfg = Release|Any CPU
		{71676F12-B074-4C67-9B80-9E271D855BDB}.Release|x86.Build.0 = Release|Any CPU
		{872CE38B-83BB-4080-A552-A93DA0E8A6C5}.Debug|Any CPU.ActiveCfg = Debug|Any CPU
		{872CE38B-83BB-4080-A552-A93DA0E8A6C5}.Debug|Any CPU.Build.0 = Debug|Any CPU
		{872CE38B-83BB-4080-A552-A93DA0E8A6C5}.Debug|x64.ActiveCfg = Debug|Any CPU
		{872CE38B-83BB-4080-A552-A93DA0E8A6C5}.Debug|x64.Build.0 = Debug|Any CPU
		{872CE38B-83BB-4080-A552-A93DA0E8A6C5}.Debug|x86.ActiveCfg = Debug|Any CPU
		{872CE38B-83BB-4080-A552-A93DA0E8A6C5}.Debug|x86.Build.0 = Debug|Any CPU
		{872CE38B-83BB-4080-A552-A93DA0E8A6C5}.Release|Any CPU.ActiveCfg = Release|Any CPU
		{872CE38B-83BB-4080-A552-A93DA0E8A6C5}.Release|Any CPU.Build.0 = Release|Any CPU
		{872CE38B-83BB-4080-A552-A93DA0E8A6C5}.Release|x64.ActiveCfg = Release|Any CPU
		{872CE38B-83BB-4080-A552-A93DA0E8A6C5}.Release|x64.Build.0 = Release|Any CPU
		{872CE38B-83BB-4080-A552-A93DA0E8A6C5}.Release|x86.ActiveCfg = Release|Any CPU
		{872CE38B-83BB-4080-A552-A93DA0E8A6C5}.Release|x86.Build.0 = Release|Any CPU
		{9D32A5B8-B8C5-4FAF-8CE0-32D63168F228}.Debug|Any CPU.ActiveCfg = Debug|Any CPU
		{9D32A5B8-B8C5-4FAF-8CE0-32D63168F228}.Debug|Any CPU.Build.0 = Debug|Any CPU
		{9D32A5B8-B8C5-4FAF-8CE0-32D63168F228}.Debug|x64.ActiveCfg = Debug|Any CPU
		{9D32A5B8-B8C5-4FAF-8CE0-32D63168F228}.Debug|x64.Build.0 = Debug|Any CPU
		{9D32A5B8-B8C5-4FAF-8CE0-32D63168F228}.Debug|x86.ActiveCfg = Debug|Any CPU
		{9D32A5B8-B8C5-4FAF-8CE0-32D63168F228}.Debug|x86.Build.0 = Debug|Any CPU
		{9D32A5B8-B8C5-4FAF-8CE0-32D63168F228}.Release|Any CPU.ActiveCfg = Release|Any CPU
		{9D32A5B8-B8C5-4FAF-8CE0-32D63168F228}.Release|Any CPU.Build.0 = Release|Any CPU
		{9D32A5B8-B8C5-4FAF-8CE0-32D63168F228}.Release|x64.ActiveCfg = Release|Any CPU
		{9D32A5B8-B8C5-4FAF-8CE0-32D63168F228}.Release|x64.Build.0 = Release|Any CPU
		{9D32A5B8-B8C5-4FAF-8CE0-32D63168F228}.Release|x86.ActiveCfg = Release|Any CPU
		{9D32A5B8-B8C5-4FAF-8CE0-32D63168F228}.Release|x86.Build.0 = Release|Any CPU
		{6FA38499-DF66-48F7-A662-62863C31440A}.Debug|Any CPU.ActiveCfg = Debug|Any CPU
		{6FA38499-DF66-48F7-A662-62863C31440A}.Debug|Any CPU.Build.0 = Debug|Any CPU
		{6FA38499-DF66-48F7-A662-62863C31440A}.Debug|x64.ActiveCfg = Debug|Any CPU
		{6FA38499-DF66-48F7-A662-62863C31440A}.Debug|x64.Build.0 = Debug|Any CPU
		{6FA38499-DF66-48F7-A662-62863C31440A}.Debug|x86.ActiveCfg = Debug|Any CPU
		{6FA38499-DF66-48F7-A662-62863C31440A}.Debug|x86.Build.0 = Debug|Any CPU
		{6FA38499-DF66-48F7-A662-62863C31440A}.Release|Any CPU.ActiveCfg = Release|Any CPU
		{6FA38499-DF66-48F7-A662-62863C31440A}.Release|Any CPU.Build.0 = Release|Any CPU
		{6FA38499-DF66-48F7-A662-62863C31440A}.Release|x64.ActiveCfg = Release|Any CPU
		{6FA38499-DF66-48F7-A662-62863C31440A}.Release|x64.Build.0 = Release|Any CPU
		{6FA38499-DF66-48F7-A662-62863C31440A}.Release|x86.ActiveCfg = Release|Any CPU
		{6FA38499-DF66-48F7-A662-62863C31440A}.Release|x86.Build.0 = Release|Any CPU
		{1CC6E740-B7A1-4EBE-ABED-D6DD148C10A1}.Debug|Any CPU.ActiveCfg = Debug|Any CPU
		{1CC6E740-B7A1-4EBE-ABED-D6DD148C10A1}.Debug|Any CPU.Build.0 = Debug|Any CPU
		{1CC6E740-B7A1-4EBE-ABED-D6DD148C10A1}.Debug|x64.ActiveCfg = Debug|Any CPU
		{1CC6E740-B7A1-4EBE-ABED-D6DD148C10A1}.Debug|x64.Build.0 = Debug|Any CPU
		{1CC6E740-B7A1-4EBE-ABED-D6DD148C10A1}.Debug|x86.ActiveCfg = Debug|Any CPU
		{1CC6E740-B7A1-4EBE-ABED-D6DD148C10A1}.Debug|x86.Build.0 = Debug|Any CPU
		{1CC6E740-B7A1-4EBE-ABED-D6DD148C10A1}.Release|Any CPU.ActiveCfg = Release|Any CPU
		{1CC6E740-B7A1-4EBE-ABED-D6DD148C10A1}.Release|Any CPU.Build.0 = Release|Any CPU
		{1CC6E740-B7A1-4EBE-ABED-D6DD148C10A1}.Release|x64.ActiveCfg = Release|Any CPU
		{1CC6E740-B7A1-4EBE-ABED-D6DD148C10A1}.Release|x64.Build.0 = Release|Any CPU
		{1CC6E740-B7A1-4EBE-ABED-D6DD148C10A1}.Release|x86.ActiveCfg = Release|Any CPU
		{1CC6E740-B7A1-4EBE-ABED-D6DD148C10A1}.Release|x86.Build.0 = Release|Any CPU
		{69589FDE-5356-4871-89DC-E8EB93AEE886}.Debug|Any CPU.ActiveCfg = Debug|Any CPU
		{69589FDE-5356-4871-89DC-E8EB93AEE886}.Debug|Any CPU.Build.0 = Debug|Any CPU
		{69589FDE-5356-4871-89DC-E8EB93AEE886}.Debug|x64.ActiveCfg = Debug|Any CPU
		{69589FDE-5356-4871-89DC-E8EB93AEE886}.Debug|x64.Build.0 = Debug|Any CPU
		{69589FDE-5356-4871-89DC-E8EB93AEE886}.Debug|x86.ActiveCfg = Debug|Any CPU
		{69589FDE-5356-4871-89DC-E8EB93AEE886}.Debug|x86.Build.0 = Debug|Any CPU
		{69589FDE-5356-4871-89DC-E8EB93AEE886}.Release|Any CPU.ActiveCfg = Release|Any CPU
		{69589FDE-5356-4871-89DC-E8EB93AEE886}.Release|Any CPU.Build.0 = Release|Any CPU
		{69589FDE-5356-4871-89DC-E8EB93AEE886}.Release|x64.ActiveCfg = Release|Any CPU
		{69589FDE-5356-4871-89DC-E8EB93AEE886}.Release|x64.Build.0 = Release|Any CPU
		{69589FDE-5356-4871-89DC-E8EB93AEE886}.Release|x86.ActiveCfg = Release|Any CPU
		{69589FDE-5356-4871-89DC-E8EB93AEE886}.Release|x86.Build.0 = Release|Any CPU
		{FB811CE1-3B8B-46F3-8EA3-6EF801EF6F26}.Debug|Any CPU.ActiveCfg = Debug|Any CPU
		{FB811CE1-3B8B-46F3-8EA3-6EF801EF6F26}.Debug|Any CPU.Build.0 = Debug|Any CPU
		{FB811CE1-3B8B-46F3-8EA3-6EF801EF6F26}.Debug|x64.ActiveCfg = Debug|Any CPU
		{FB811CE1-3B8B-46F3-8EA3-6EF801EF6F26}.Debug|x64.Build.0 = Debug|Any CPU
		{FB811CE1-3B8B-46F3-8EA3-6EF801EF6F26}.Debug|x86.ActiveCfg = Debug|Any CPU
		{FB811CE1-3B8B-46F3-8EA3-6EF801EF6F26}.Debug|x86.Build.0 = Debug|Any CPU
		{FB811CE1-3B8B-46F3-8EA3-6EF801EF6F26}.Release|Any CPU.ActiveCfg = Release|Any CPU
		{FB811CE1-3B8B-46F3-8EA3-6EF801EF6F26}.Release|Any CPU.Build.0 = Release|Any CPU
		{FB811CE1-3B8B-46F3-8EA3-6EF801EF6F26}.Release|x64.ActiveCfg = Release|Any CPU
		{FB811CE1-3B8B-46F3-8EA3-6EF801EF6F26}.Release|x64.Build.0 = Release|Any CPU
		{FB811CE1-3B8B-46F3-8EA3-6EF801EF6F26}.Release|x86.ActiveCfg = Release|Any CPU
		{FB811CE1-3B8B-46F3-8EA3-6EF801EF6F26}.Release|x86.Build.0 = Release|Any CPU
		{83EFB20F-5451-442D-9988-567370B69345}.Debug|Any CPU.ActiveCfg = Debug|Any CPU
		{83EFB20F-5451-442D-9988-567370B69345}.Debug|Any CPU.Build.0 = Debug|Any CPU
		{83EFB20F-5451-442D-9988-567370B69345}.Debug|x64.ActiveCfg = Debug|Any CPU
		{83EFB20F-5451-442D-9988-567370B69345}.Debug|x64.Build.0 = Debug|Any CPU
		{83EFB20F-5451-442D-9988-567370B69345}.Debug|x86.ActiveCfg = Debug|Any CPU
		{83EFB20F-5451-442D-9988-567370B69345}.Debug|x86.Build.0 = Debug|Any CPU
		{83EFB20F-5451-442D-9988-567370B69345}.Release|Any CPU.ActiveCfg = Release|Any CPU
		{83EFB20F-5451-442D-9988-567370B69345}.Release|Any CPU.Build.0 = Release|Any CPU
		{83EFB20F-5451-442D-9988-567370B69345}.Release|x64.ActiveCfg = Release|Any CPU
		{83EFB20F-5451-442D-9988-567370B69345}.Release|x64.Build.0 = Release|Any CPU
		{83EFB20F-5451-442D-9988-567370B69345}.Release|x86.ActiveCfg = Release|Any CPU
		{83EFB20F-5451-442D-9988-567370B69345}.Release|x86.Build.0 = Release|Any CPU
		{1938567B-C0B6-4D8F-BC38-CB3476A41316}.Debug|Any CPU.ActiveCfg = Debug|Any CPU
		{1938567B-C0B6-4D8F-BC38-CB3476A41316}.Debug|Any CPU.Build.0 = Debug|Any CPU
		{1938567B-C0B6-4D8F-BC38-CB3476A41316}.Debug|x64.ActiveCfg = Debug|Any CPU
		{1938567B-C0B6-4D8F-BC38-CB3476A41316}.Debug|x64.Build.0 = Debug|Any CPU
		{1938567B-C0B6-4D8F-BC38-CB3476A41316}.Debug|x86.ActiveCfg = Debug|Any CPU
		{1938567B-C0B6-4D8F-BC38-CB3476A41316}.Debug|x86.Build.0 = Debug|Any CPU
		{1938567B-C0B6-4D8F-BC38-CB3476A41316}.Release|Any CPU.ActiveCfg = Release|Any CPU
		{1938567B-C0B6-4D8F-BC38-CB3476A41316}.Release|Any CPU.Build.0 = Release|Any CPU
		{1938567B-C0B6-4D8F-BC38-CB3476A41316}.Release|x64.ActiveCfg = Release|Any CPU
		{1938567B-C0B6-4D8F-BC38-CB3476A41316}.Release|x64.Build.0 = Release|Any CPU
		{1938567B-C0B6-4D8F-BC38-CB3476A41316}.Release|x86.ActiveCfg = Release|Any CPU
		{1938567B-C0B6-4D8F-BC38-CB3476A41316}.Release|x86.Build.0 = Release|Any CPU
		{3434DCD5-45BB-4191-8343-B7BBAB76D7AC}.Debug|Any CPU.ActiveCfg = Debug|Any CPU
		{3434DCD5-45BB-4191-8343-B7BBAB76D7AC}.Debug|Any CPU.Build.0 = Debug|Any CPU
		{3434DCD5-45BB-4191-8343-B7BBAB76D7AC}.Debug|x64.ActiveCfg = Debug|Any CPU
		{3434DCD5-45BB-4191-8343-B7BBAB76D7AC}.Debug|x64.Build.0 = Debug|Any CPU
		{3434DCD5-45BB-4191-8343-B7BBAB76D7AC}.Debug|x86.ActiveCfg = Debug|Any CPU
		{3434DCD5-45BB-4191-8343-B7BBAB76D7AC}.Debug|x86.Build.0 = Debug|Any CPU
		{3434DCD5-45BB-4191-8343-B7BBAB76D7AC}.Release|Any CPU.ActiveCfg = Release|Any CPU
		{3434DCD5-45BB-4191-8343-B7BBAB76D7AC}.Release|Any CPU.Build.0 = Release|Any CPU
		{3434DCD5-45BB-4191-8343-B7BBAB76D7AC}.Release|x64.ActiveCfg = Release|Any CPU
		{3434DCD5-45BB-4191-8343-B7BBAB76D7AC}.Release|x64.Build.0 = Release|Any CPU
		{3434DCD5-45BB-4191-8343-B7BBAB76D7AC}.Release|x86.ActiveCfg = Release|Any CPU
		{3434DCD5-45BB-4191-8343-B7BBAB76D7AC}.Release|x86.Build.0 = Release|Any CPU
		{0F3A7F5C-2509-4AE8-B37A-8B2DF9011BE0}.Debug|Any CPU.ActiveCfg = Debug|Any CPU
		{0F3A7F5C-2509-4AE8-B37A-8B2DF9011BE0}.Debug|Any CPU.Build.0 = Debug|Any CPU
		{0F3A7F5C-2509-4AE8-B37A-8B2DF9011BE0}.Debug|x64.ActiveCfg = Debug|Any CPU
		{0F3A7F5C-2509-4AE8-B37A-8B2DF9011BE0}.Debug|x64.Build.0 = Debug|Any CPU
		{0F3A7F5C-2509-4AE8-B37A-8B2DF9011BE0}.Debug|x86.ActiveCfg = Debug|Any CPU
		{0F3A7F5C-2509-4AE8-B37A-8B2DF9011BE0}.Debug|x86.Build.0 = Debug|Any CPU
		{0F3A7F5C-2509-4AE8-B37A-8B2DF9011BE0}.Release|Any CPU.ActiveCfg = Release|Any CPU
		{0F3A7F5C-2509-4AE8-B37A-8B2DF9011BE0}.Release|Any CPU.Build.0 = Release|Any CPU
		{0F3A7F5C-2509-4AE8-B37A-8B2DF9011BE0}.Release|x64.ActiveCfg = Release|Any CPU
		{0F3A7F5C-2509-4AE8-B37A-8B2DF9011BE0}.Release|x64.Build.0 = Release|Any CPU
		{0F3A7F5C-2509-4AE8-B37A-8B2DF9011BE0}.Release|x86.ActiveCfg = Release|Any CPU
		{0F3A7F5C-2509-4AE8-B37A-8B2DF9011BE0}.Release|x86.Build.0 = Release|Any CPU
		{F72003DE-F56E-4060-B584-DC8FEDADFAB1}.Debug|Any CPU.ActiveCfg = Debug|Any CPU
		{F72003DE-F56E-4060-B584-DC8FEDADFAB1}.Debug|Any CPU.Build.0 = Debug|Any CPU
		{F72003DE-F56E-4060-B584-DC8FEDADFAB1}.Debug|x64.ActiveCfg = Debug|Any CPU
		{F72003DE-F56E-4060-B584-DC8FEDADFAB1}.Debug|x64.Build.0 = Debug|Any CPU
		{F72003DE-F56E-4060-B584-DC8FEDADFAB1}.Debug|x86.ActiveCfg = Debug|Any CPU
		{F72003DE-F56E-4060-B584-DC8FEDADFAB1}.Debug|x86.Build.0 = Debug|Any CPU
		{F72003DE-F56E-4060-B584-DC8FEDADFAB1}.Release|Any CPU.ActiveCfg = Release|Any CPU
		{F72003DE-F56E-4060-B584-DC8FEDADFAB1}.Release|Any CPU.Build.0 = Release|Any CPU
		{F72003DE-F56E-4060-B584-DC8FEDADFAB1}.Release|x64.ActiveCfg = Release|Any CPU
		{F72003DE-F56E-4060-B584-DC8FEDADFAB1}.Release|x64.Build.0 = Release|Any CPU
		{F72003DE-F56E-4060-B584-DC8FEDADFAB1}.Release|x86.ActiveCfg = Release|Any CPU
		{F72003DE-F56E-4060-B584-DC8FEDADFAB1}.Release|x86.Build.0 = Release|Any CPU
		{98B095BE-A447-4C51-B7EB-3BF73C86516D}.Debug|Any CPU.ActiveCfg = Debug|Any CPU
		{98B095BE-A447-4C51-B7EB-3BF73C86516D}.Debug|Any CPU.Build.0 = Debug|Any CPU
		{98B095BE-A447-4C51-B7EB-3BF73C86516D}.Debug|x64.ActiveCfg = Debug|Any CPU
		{98B095BE-A447-4C51-B7EB-3BF73C86516D}.Debug|x64.Build.0 = Debug|Any CPU
		{98B095BE-A447-4C51-B7EB-3BF73C86516D}.Debug|x86.ActiveCfg = Debug|Any CPU
		{98B095BE-A447-4C51-B7EB-3BF73C86516D}.Debug|x86.Build.0 = Debug|Any CPU
		{98B095BE-A447-4C51-B7EB-3BF73C86516D}.Release|Any CPU.ActiveCfg = Release|Any CPU
		{98B095BE-A447-4C51-B7EB-3BF73C86516D}.Release|Any CPU.Build.0 = Release|Any CPU
		{98B095BE-A447-4C51-B7EB-3BF73C86516D}.Release|x64.ActiveCfg = Release|Any CPU
		{98B095BE-A447-4C51-B7EB-3BF73C86516D}.Release|x64.Build.0 = Release|Any CPU
		{98B095BE-A447-4C51-B7EB-3BF73C86516D}.Release|x86.ActiveCfg = Release|Any CPU
		{98B095BE-A447-4C51-B7EB-3BF73C86516D}.Release|x86.Build.0 = Release|Any CPU
		{AF279B9E-58FE-4224-B23E-CADEB658A553}.Debug|Any CPU.ActiveCfg = Debug|Any CPU
		{AF279B9E-58FE-4224-B23E-CADEB658A553}.Debug|Any CPU.Build.0 = Debug|Any CPU
		{AF279B9E-58FE-4224-B23E-CADEB658A553}.Debug|x64.ActiveCfg = Debug|Any CPU
		{AF279B9E-58FE-4224-B23E-CADEB658A553}.Debug|x64.Build.0 = Debug|Any CPU
		{AF279B9E-58FE-4224-B23E-CADEB658A553}.Debug|x86.ActiveCfg = Debug|Any CPU
		{AF279B9E-58FE-4224-B23E-CADEB658A553}.Debug|x86.Build.0 = Debug|Any CPU
		{AF279B9E-58FE-4224-B23E-CADEB658A553}.Release|Any CPU.ActiveCfg = Release|Any CPU
		{AF279B9E-58FE-4224-B23E-CADEB658A553}.Release|Any CPU.Build.0 = Release|Any CPU
		{AF279B9E-58FE-4224-B23E-CADEB658A553}.Release|x64.ActiveCfg = Release|Any CPU
		{AF279B9E-58FE-4224-B23E-CADEB658A553}.Release|x64.Build.0 = Release|Any CPU
		{AF279B9E-58FE-4224-B23E-CADEB658A553}.Release|x86.ActiveCfg = Release|Any CPU
		{AF279B9E-58FE-4224-B23E-CADEB658A553}.Release|x86.Build.0 = Release|Any CPU
		{52F5C922-8D4D-41C4-98D2-C7DDFAB48183}.Debug|Any CPU.ActiveCfg = Debug|Any CPU
		{52F5C922-8D4D-41C4-98D2-C7DDFAB48183}.Debug|Any CPU.Build.0 = Debug|Any CPU
		{52F5C922-8D4D-41C4-98D2-C7DDFAB48183}.Debug|x64.ActiveCfg = Debug|Any CPU
		{52F5C922-8D4D-41C4-98D2-C7DDFAB48183}.Debug|x64.Build.0 = Debug|Any CPU
		{52F5C922-8D4D-41C4-98D2-C7DDFAB48183}.Debug|x86.ActiveCfg = Debug|Any CPU
		{52F5C922-8D4D-41C4-98D2-C7DDFAB48183}.Debug|x86.Build.0 = Debug|Any CPU
		{52F5C922-8D4D-41C4-98D2-C7DDFAB48183}.Release|Any CPU.ActiveCfg = Release|Any CPU
		{52F5C922-8D4D-41C4-98D2-C7DDFAB48183}.Release|Any CPU.Build.0 = Release|Any CPU
		{52F5C922-8D4D-41C4-98D2-C7DDFAB48183}.Release|x64.ActiveCfg = Release|Any CPU
		{52F5C922-8D4D-41C4-98D2-C7DDFAB48183}.Release|x64.Build.0 = Release|Any CPU
		{52F5C922-8D4D-41C4-98D2-C7DDFAB48183}.Release|x86.ActiveCfg = Release|Any CPU
		{52F5C922-8D4D-41C4-98D2-C7DDFAB48183}.Release|x86.Build.0 = Release|Any CPU
		{5E717A40-7446-49D1-9974-CE7FCA48BD7D}.Debug|Any CPU.ActiveCfg = Debug|Any CPU
		{5E717A40-7446-49D1-9974-CE7FCA48BD7D}.Debug|Any CPU.Build.0 = Debug|Any CPU
		{5E717A40-7446-49D1-9974-CE7FCA48BD7D}.Debug|x64.ActiveCfg = Debug|Any CPU
		{5E717A40-7446-49D1-9974-CE7FCA48BD7D}.Debug|x64.Build.0 = Debug|Any CPU
		{5E717A40-7446-49D1-9974-CE7FCA48BD7D}.Debug|x86.ActiveCfg = Debug|Any CPU
		{5E717A40-7446-49D1-9974-CE7FCA48BD7D}.Debug|x86.Build.0 = Debug|Any CPU
		{5E717A40-7446-49D1-9974-CE7FCA48BD7D}.Release|Any CPU.ActiveCfg = Release|Any CPU
		{5E717A40-7446-49D1-9974-CE7FCA48BD7D}.Release|Any CPU.Build.0 = Release|Any CPU
		{5E717A40-7446-49D1-9974-CE7FCA48BD7D}.Release|x64.ActiveCfg = Release|Any CPU
		{5E717A40-7446-49D1-9974-CE7FCA48BD7D}.Release|x64.Build.0 = Release|Any CPU
		{5E717A40-7446-49D1-9974-CE7FCA48BD7D}.Release|x86.ActiveCfg = Release|Any CPU
		{5E717A40-7446-49D1-9974-CE7FCA48BD7D}.Release|x86.Build.0 = Release|Any CPU
	EndGlobalSection
	GlobalSection(SolutionProperties) = preSolution
		HideSolutionNode = FALSE
	EndGlobalSection
	GlobalSection(NestedProjects) = preSolution
		{A6855173-D686-FAD5-7BAC-84EE02FB9446} = {CA58B814-9F53-47BD-95B2-74A68310614A}
		{EADEB67B-A2D4-E3B8-089A-777AB503D0CD} = {CA58B814-9F53-47BD-95B2-74A68310614A}
		{7A8BF8BD-EC53-4483-B5C0-59B0C36BD7D0} = {1C7D0C3A-2EBF-414A-9268-2032A7D4D2CB}
		{B7F0F60D-C1B1-4112-85EA-129B08C61B2B} = {1C7D0C3A-2EBF-414A-9268-2032A7D4D2CB}
		{6EDFE614-8AC2-4BBB-B91F-2E24B1C4F5B5} = {1C7D0C3A-2EBF-414A-9268-2032A7D4D2CB}
		{E4496C52-901A-4645-BC4B-A9FBEF86C266} = {1C7D0C3A-2EBF-414A-9268-2032A7D4D2CB}
		{F5C0620A-44B6-4149-8BE6-85B25D952BA3} = {1C7D0C3A-2EBF-414A-9268-2032A7D4D2CB}
		{DC03BCD4-A402-4D35-9BB7-09A6AAFD9920} = {5D20AA90-6969-D8BD-9DCD-8634F4692FDA}
		{53AED23F-5B02-4EA4-AE14-B177A9737C6B} = {5D20AA90-6969-D8BD-9DCD-8634F4692FDA}
		{7FB2201E-6B90-4DE7-AD2B-1F78D104DE5B} = {CA58B814-9F53-47BD-95B2-74A68310614A}
		{7EAE5920-DEA0-496E-92C1-C7149A0CFBF4} = {5D20AA90-6969-D8BD-9DCD-8634F4692FDA}
		{B04D99A9-AC84-4D05-8EE2-A9B6324C7E9A} = {CA58B814-9F53-47BD-95B2-74A68310614A}
		{9977DD22-B079-40DA-BBC6-D41E75B2369C} = {5D20AA90-6969-D8BD-9DCD-8634F4692FDA}
		{D88E3091-7BDE-4266-AAE4-0905A2F0C87C} = {5D20AA90-6969-D8BD-9DCD-8634F4692FDA}
		{D7212D47-0977-4E98-8786-EE1BF3C8F88C} = {CA58B814-9F53-47BD-95B2-74A68310614A}
		{A8E797BF-697D-4AF1-A073-63F1B781A36B} = {CA58B814-9F53-47BD-95B2-74A68310614A}
		{3639541B-E393-4B8B-8B47-A69A5C3E7306} = {0AB3BF05-4346-4AA6-1389-037BE0695223}
		{42818C89-D00C-4431-8943-53884899A0AE} = {0AB3BF05-4346-4AA6-1389-037BE0695223}
		{56DD8E2B-7ACB-4B81-8FF3-38E5A71B5CCD} = {CA58B814-9F53-47BD-95B2-74A68310614A}
		{4245A542-AF24-4D39-A0DE-E70C5B8CD920} = {CA58B814-9F53-47BD-95B2-74A68310614A}
		{29E1EEDA-1D33-4277-B9C3-A53C31C08D2A} = {CA58B814-9F53-47BD-95B2-74A68310614A}
		{82E139E0-1D87-4B84-A809-0EA28A447145} = {CA58B814-9F53-47BD-95B2-74A68310614A}
		{3FA57F8E-A2E5-4476-B055-D15518893DA7} = {CA58B814-9F53-47BD-95B2-74A68310614A}
		{DA28D544-8CC6-4D37-91FA-F1FE68EF7E9C} = {CA58B814-9F53-47BD-95B2-74A68310614A}
		{3D906F36-B52D-44C3-959F-487EDB2C6320} = {CA58B814-9F53-47BD-95B2-74A68310614A}
		{1CBAEF6B-31BE-4696-8212-91E71FB4891E} = {CA58B814-9F53-47BD-95B2-74A68310614A}
		{C96071E5-69DB-45A9-A926-F0723E5E161B} = {E927F87B-A585-A586-52B2-1371051E189F}
		{B1933589-0EFA-4732-99D0-45CA1F772F05} = {E927F87B-A585-A586-52B2-1371051E189F}
		{43266654-71AE-4EA2-A21C-799FBC3F5594} = {E927F87B-A585-A586-52B2-1371051E189F}
		{7270A451-0A98-4796-BE9B-02E45C350CDD} = {E927F87B-A585-A586-52B2-1371051E189F}
		{23AC85A5-BEEA-4F1C-872D-A6ADA5F5459B} = {E927F87B-A585-A586-52B2-1371051E189F}
		{726D6E6F-FA25-4AFE-9AB9-50ACC7659B8D} = {E927F87B-A585-A586-52B2-1371051E189F}
		{522BE540-DDAF-4745-A4AD-1CC700DB4B1C} = {5D20AA90-6969-D8BD-9DCD-8634F4692FDA}
		{7765C0A2-AF60-43BA-94BB-9B07E478A2DC} = {CA58B814-9F53-47BD-95B2-74A68310614A}
		{92B64509-28E3-4425-B444-A8AF07410243} = {CA58B814-9F53-47BD-95B2-74A68310614A}
		{3B671B07-2374-4E26-984E-94A340BEC351} = {5D20AA90-6969-D8BD-9DCD-8634F4692FDA}
		{6B9833AE-4542-478A-B7F5-B3EBB8132CBA} = {5D20AA90-6969-D8BD-9DCD-8634F4692FDA}
		{426F65E3-9C15-421A-B403-9A6012A5E5BD} = {5D20AA90-6969-D8BD-9DCD-8634F4692FDA}
		{82FEAED1-EFAF-4F48-B069-814A26518271} = {5D20AA90-6969-D8BD-9DCD-8634F4692FDA}
		{72C52CE2-8B7D-47C2-BD22-D4B115B6CA43} = {5D20AA90-6969-D8BD-9DCD-8634F4692FDA}
		{F73F5D2C-C588-46E7-A6DC-F572D5A4F0B7} = {5D20AA90-6969-D8BD-9DCD-8634F4692FDA}
		{71676F12-B074-4C67-9B80-9E271D855BDB} = {CA58B814-9F53-47BD-95B2-74A68310614A}
		{872CE38B-83BB-4080-A552-A93DA0E8A6C5} = {CA58B814-9F53-47BD-95B2-74A68310614A}
		{9D32A5B8-B8C5-4FAF-8CE0-32D63168F228} = {CA58B814-9F53-47BD-95B2-74A68310614A}
		{6FA38499-DF66-48F7-A662-62863C31440A} = {CA58B814-9F53-47BD-95B2-74A68310614A}
		{1CC6E740-B7A1-4EBE-ABED-D6DD148C10A1} = {0AB3BF05-4346-4AA6-1389-037BE0695223}
		{69589FDE-5356-4871-89DC-E8EB93AEE886} = {5D20AA90-6969-D8BD-9DCD-8634F4692FDA}
		{FB811CE1-3B8B-46F3-8EA3-6EF801EF6F26} = {5D20AA90-6969-D8BD-9DCD-8634F4692FDA}
		{83EFB20F-5451-442D-9988-567370B69345} = {5D20AA90-6969-D8BD-9DCD-8634F4692FDA}
		{1938567B-C0B6-4D8F-BC38-CB3476A41316} = {5D20AA90-6969-D8BD-9DCD-8634F4692FDA}
		{3434DCD5-45BB-4191-8343-B7BBAB76D7AC} = {0AB3BF05-4346-4AA6-1389-037BE0695223}
		{0F3A7F5C-2509-4AE8-B37A-8B2DF9011BE0} = {CA58B814-9F53-47BD-95B2-74A68310614A}
		{F72003DE-F56E-4060-B584-DC8FEDADFAB1} = {1C7D0C3A-2EBF-414A-9268-2032A7D4D2CB}
		{98B095BE-A447-4C51-B7EB-3BF73C86516D} = {1C7D0C3A-2EBF-414A-9268-2032A7D4D2CB}
		{AF279B9E-58FE-4224-B23E-CADEB658A553} = {1C7D0C3A-2EBF-414A-9268-2032A7D4D2CB}
		{52F5C922-8D4D-41C4-98D2-C7DDFAB48183} = {1C7D0C3A-2EBF-414A-9268-2032A7D4D2CB}
		{5E717A40-7446-49D1-9974-CE7FCA48BD7D} = {0AB3BF05-4346-4AA6-1389-037BE0695223}
	EndGlobalSection
	GlobalSection(ExtensibilityGlobals) = postSolution
		SolutionGuid = {9EADDE67-1C5D-4F2E-B34D-7DFC4CDE2BCF}
	EndGlobalSection
EndGlobal
